// !$*UTF8*$!
{
	archiveVersion = 1;
	classes = {
	};
	objectVersion = 46;
	objects = {

/* Begin PBXBuildFile section */
		6D8BAA791A37C9F700CDBA33 /* A01InputConstraintViewController.m in Sources */ = {isa = PBXBuildFile; fileRef = 6D8BAA761A37C9F700CDBA33 /* A01InputConstraintViewController.m */; };
		6D8BAA871A38166900CDBA33 /* LHView.m in Sources */ = {isa = PBXBuildFile; fileRef = 6D8BAA861A38166900CDBA33 /* LHView.m */; };
		6DE61AE11A3E64FA0035C076 /* A02KVCViewController.m in Sources */ = {isa = PBXBuildFile; fileRef = 6DE61AE01A3E64FA0035C076 /* A02KVCViewController.m */; };
		6DE61AE41A3E6E190035C076 /* LHKVCPeople.m in Sources */ = {isa = PBXBuildFile; fileRef = 6DE61AE31A3E6E190035C076 /* LHKVCPeople.m */; };
		6DE61AE71A3E6E270035C076 /* LHKVCAddress.m in Sources */ = {isa = PBXBuildFile; fileRef = 6DE61AE61A3E6E270035C076 /* LHKVCAddress.m */; };
		6DE61AEE1A3EA8C70035C076 /* A03TouchEventTableViewController.m in Sources */ = {isa = PBXBuildFile; fileRef = 6DE61AED1A3EA8C70035C076 /* A03TouchEventTableViewController.m */; };
		6DE61AF11A3EA8F70035C076 /* LHTouchEventTableViewCell.m in Sources */ = {isa = PBXBuildFile; fileRef = 6DE61AF01A3EA8F70035C076 /* LHTouchEventTableViewCell.m */; };
		6DE61AF41A3EA9100035C076 /* LHTextView.m in Sources */ = {isa = PBXBuildFile; fileRef = 6DE61AF31A3EA9100035C076 /* LHTextView.m */; };
		6DE61AF71A3EBC340035C076 /* LHTouchView.m in Sources */ = {isa = PBXBuildFile; fileRef = 6DE61AF61A3EBC340035C076 /* LHTouchView.m */; };
		6DE967861A371D4300436817 /* main.m in Sources */ = {isa = PBXBuildFile; fileRef = 6DE967851A371D4300436817 /* main.m */; };
		6DE967891A371D4300436817 /* AppDelegate.m in Sources */ = {isa = PBXBuildFile; fileRef = 6DE967881A371D4300436817 /* AppDelegate.m */; };
		6DE9678F1A371D4300436817 /* Main.storyboard in Resources */ = {isa = PBXBuildFile; fileRef = 6DE9678D1A371D4300436817 /* Main.storyboard */; };
		6DE967911A371D4300436817 /* Images.xcassets in Resources */ = {isa = PBXBuildFile; fileRef = 6DE967901A371D4300436817 /* Images.xcassets */; };
		6DE967941A371D4300436817 /* LaunchScreen.xib in Resources */ = {isa = PBXBuildFile; fileRef = 6DE967921A371D4300436817 /* LaunchScreen.xib */; };
		6DE967A01A371D4300436817 /* iLihuxDailyAccumulatesInOCTests.m in Sources */ = {isa = PBXBuildFile; fileRef = 6DE9679F1A371D4300436817 /* iLihuxDailyAccumulatesInOCTests.m */; };
		6DE967DA1A371FD900436817 /* LHMasterTableViewController.m in Sources */ = {isa = PBXBuildFile; fileRef = 6DE967D91A371FD900436817 /* LHMasterTableViewController.m */; };
		6DE967DC1A37211600436817 /* accumulates.plist in Resources */ = {isa = PBXBuildFile; fileRef = 6DE967DB1A37211600436817 /* accumulates.plist */; };
/* End PBXBuildFile section */

/* Begin PBXContainerItemProxy section */
		6DE9679A1A371D4300436817 /* PBXContainerItemProxy */ = {
			isa = PBXContainerItemProxy;
			containerPortal = 6DE967781A371D4300436817 /* Project object */;
			proxyType = 1;
			remoteGlobalIDString = 6DE9677F1A371D4300436817;
			remoteInfo = iLihuxDailyAccumulatesInOC;
		};
/* End PBXContainerItemProxy section */

/* Begin PBXFileReference section */
		6D8BAA751A37C9F700CDBA33 /* A01InputConstraintViewController.h */ = {isa = PBXFileReference; fileEncoding = 4; lastKnownFileType = sourcecode.c.h; path = A01InputConstraintViewController.h; sourceTree = "<group>"; };
		6D8BAA761A37C9F700CDBA33 /* A01InputConstraintViewController.m */ = {isa = PBXFileReference; fileEncoding = 4; lastKnownFileType = sourcecode.c.objc; path = A01InputConstraintViewController.m; sourceTree = "<group>"; };
		6D8BAA851A38166900CDBA33 /* LHView.h */ = {isa = PBXFileReference; fileEncoding = 4; lastKnownFileType = sourcecode.c.h; path = LHView.h; sourceTree = "<group>"; };
		6D8BAA861A38166900CDBA33 /* LHView.m */ = {isa = PBXFileReference; fileEncoding = 4; lastKnownFileType = sourcecode.c.objc; path = LHView.m; sourceTree = "<group>"; };
		6DE61ADF1A3E64FA0035C076 /* A02KVCViewController.h */ = {isa = PBXFileReference; fileEncoding = 4; lastKnownFileType = sourcecode.c.h; path = A02KVCViewController.h; sourceTree = "<group>"; };
		6DE61AE01A3E64FA0035C076 /* A02KVCViewController.m */ = {isa = PBXFileReference; fileEncoding = 4; lastKnownFileType = sourcecode.c.objc; path = A02KVCViewController.m; sourceTree = "<group>"; };
		6DE61AE21A3E6E190035C076 /* LHKVCPeople.h */ = {isa = PBXFileReference; fileEncoding = 4; lastKnownFileType = sourcecode.c.h; path = LHKVCPeople.h; sourceTree = "<group>"; };
		6DE61AE31A3E6E190035C076 /* LHKVCPeople.m */ = {isa = PBXFileReference; fileEncoding = 4; lastKnownFileType = sourcecode.c.objc; path = LHKVCPeople.m; sourceTree = "<group>"; };
		6DE61AE51A3E6E270035C076 /* LHKVCAddress.h */ = {isa = PBXFileReference; fileEncoding = 4; lastKnownFileType = sourcecode.c.h; path = LHKVCAddress.h; sourceTree = "<group>"; };
		6DE61AE61A3E6E270035C076 /* LHKVCAddress.m */ = {isa = PBXFileReference; fileEncoding = 4; lastKnownFileType = sourcecode.c.objc; path = LHKVCAddress.m; sourceTree = "<group>"; };
		6DE61AEC1A3EA8C70035C076 /* A03TouchEventTableViewController.h */ = {isa = PBXFileReference; fileEncoding = 4; lastKnownFileType = sourcecode.c.h; path = A03TouchEventTableViewController.h; sourceTree = "<group>"; };
		6DE61AED1A3EA8C70035C076 /* A03TouchEventTableViewController.m */ = {isa = PBXFileReference; fileEncoding = 4; lastKnownFileType = sourcecode.c.objc; path = A03TouchEventTableViewController.m; sourceTree = "<group>"; };
		6DE61AEF1A3EA8F70035C076 /* LHTouchEventTableViewCell.h */ = {isa = PBXFileReference; fileEncoding = 4; lastKnownFileType = sourcecode.c.h; path = LHTouchEventTableViewCell.h; sourceTree = "<group>"; };
		6DE61AF01A3EA8F70035C076 /* LHTouchEventTableViewCell.m */ = {isa = PBXFileReference; fileEncoding = 4; lastKnownFileType = sourcecode.c.objc; path = LHTouchEventTableViewCell.m; sourceTree = "<group>"; };
		6DE61AF21A3EA9100035C076 /* LHTextView.h */ = {isa = PBXFileReference; fileEncoding = 4; lastKnownFileType = sourcecode.c.h; path = LHTextView.h; sourceTree = "<group>"; };
		6DE61AF31A3EA9100035C076 /* LHTextView.m */ = {isa = PBXFileReference; fileEncoding = 4; lastKnownFileType = sourcecode.c.objc; path = LHTextView.m; sourceTree = "<group>"; };
		6DE61AF51A3EBC340035C076 /* LHTouchView.h */ = {isa = PBXFileReference; fileEncoding = 4; lastKnownFileType = sourcecode.c.h; path = LHTouchView.h; sourceTree = "<group>"; };
		6DE61AF61A3EBC340035C076 /* LHTouchView.m */ = {isa = PBXFileReference; fileEncoding = 4; lastKnownFileType = sourcecode.c.objc; path = LHTouchView.m; sourceTree = "<group>"; };
		6DE967801A371D4300436817 /* iLihuxDailyAccumulatesInOC.app */ = {isa = PBXFileReference; explicitFileType = wrapper.application; includeInIndex = 0; path = iLihuxDailyAccumulatesInOC.app; sourceTree = BUILT_PRODUCTS_DIR; };
		6DE967841A371D4300436817 /* Info.plist */ = {isa = PBXFileReference; lastKnownFileType = text.plist.xml; path = Info.plist; sourceTree = "<group>"; };
		6DE967851A371D4300436817 /* main.m */ = {isa = PBXFileReference; lastKnownFileType = sourcecode.c.objc; path = main.m; sourceTree = "<group>"; };
		6DE967871A371D4300436817 /* AppDelegate.h */ = {isa = PBXFileReference; lastKnownFileType = sourcecode.c.h; path = AppDelegate.h; sourceTree = "<group>"; };
		6DE967881A371D4300436817 /* AppDelegate.m */ = {isa = PBXFileReference; lastKnownFileType = sourcecode.c.objc; path = AppDelegate.m; sourceTree = "<group>"; };
		6DE9678E1A371D4300436817 /* Base */ = {isa = PBXFileReference; lastKnownFileType = file.storyboard; name = Base; path = Base.lproj/Main.storyboard; sourceTree = "<group>"; };
		6DE967901A371D4300436817 /* Images.xcassets */ = {isa = PBXFileReference; lastKnownFileType = folder.assetcatalog; path = Images.xcassets; sourceTree = "<group>"; };
		6DE967931A371D4300436817 /* Base */ = {isa = PBXFileReference; lastKnownFileType = file.xib; name = Base; path = Base.lproj/LaunchScreen.xib; sourceTree = "<group>"; };
		6DE967991A371D4300436817 /* iLihuxDailyAccumulatesInOCTests.xctest */ = {isa = PBXFileReference; explicitFileType = wrapper.cfbundle; includeInIndex = 0; path = iLihuxDailyAccumulatesInOCTests.xctest; sourceTree = BUILT_PRODUCTS_DIR; };
		6DE9679E1A371D4300436817 /* Info.plist */ = {isa = PBXFileReference; lastKnownFileType = text.plist.xml; path = Info.plist; sourceTree = "<group>"; };
		6DE9679F1A371D4300436817 /* iLihuxDailyAccumulatesInOCTests.m */ = {isa = PBXFileReference; lastKnownFileType = sourcecode.c.objc; path = iLihuxDailyAccumulatesInOCTests.m; sourceTree = "<group>"; };
		6DE967D81A371FD900436817 /* LHMasterTableViewController.h */ = {isa = PBXFileReference; fileEncoding = 4; lastKnownFileType = sourcecode.c.h; path = LHMasterTableViewController.h; sourceTree = "<group>"; };
		6DE967D91A371FD900436817 /* LHMasterTableViewController.m */ = {isa = PBXFileReference; fileEncoding = 4; lastKnownFileType = sourcecode.c.objc; path = LHMasterTableViewController.m; sourceTree = "<group>"; };
		6DE967DB1A37211600436817 /* accumulates.plist */ = {isa = PBXFileReference; fileEncoding = 4; lastKnownFileType = text.plist.xml; path = accumulates.plist; sourceTree = "<group>"; };
/* End PBXFileReference section */

/* Begin PBXFrameworksBuildPhase section */
		6DE9677D1A371D4300436817 /* Frameworks */ = {
			isa = PBXFrameworksBuildPhase;
			buildActionMask = 2147483647;
			files = (
			);
			runOnlyForDeploymentPostprocessing = 0;
		};
		6DE967961A371D4300436817 /* Frameworks */ = {
			isa = PBXFrameworksBuildPhase;
			buildActionMask = 2147483647;
			files = (
			);
			runOnlyForDeploymentPostprocessing = 0;
		};
/* End PBXFrameworksBuildPhase section */

/* Begin PBXGroup section */
		6D8BAA741A37C9F700CDBA33 /* A001 */ = {
			isa = PBXGroup;
			children = (
				6D8BAA751A37C9F700CDBA33 /* A01InputConstraintViewController.h */,
				6D8BAA761A37C9F700CDBA33 /* A01InputConstraintViewController.m */,
				6D8BAA851A38166900CDBA33 /* LHView.h */,
				6D8BAA861A38166900CDBA33 /* LHView.m */,
			);
			path = A001;
			sourceTree = "<group>";
		};
		6D8BAA771A37C9F700CDBA33 /* A002 */ = {
			isa = PBXGroup;
			children = (
				6DE61ADF1A3E64FA0035C076 /* A02KVCViewController.h */,
				6DE61AE01A3E64FA0035C076 /* A02KVCViewController.m */,
				6DE61AE21A3E6E190035C076 /* LHKVCPeople.h */,
				6DE61AE31A3E6E190035C076 /* LHKVCPeople.m */,
				6DE61AE51A3E6E270035C076 /* LHKVCAddress.h */,
				6DE61AE61A3E6E270035C076 /* LHKVCAddress.m */,
			);
			path = A002;
			sourceTree = "<group>";
		};
		6D8BAA781A37C9F700CDBA33 /* A003 */ = {
			isa = PBXGroup;
			children = (
				6DE61AEC1A3EA8C70035C076 /* A03TouchEventTableViewController.h */,
				6DE61AED1A3EA8C70035C076 /* A03TouchEventTableViewController.m */,
				6DE61AEF1A3EA8F70035C076 /* LHTouchEventTableViewCell.h */,
				6DE61AF01A3EA8F70035C076 /* LHTouchEventTableViewCell.m */,
				6DE61AF21A3EA9100035C076 /* LHTextView.h */,
				6DE61AF31A3EA9100035C076 /* LHTextView.m */,
				6DE61AF51A3EBC340035C076 /* LHTouchView.h */,
				6DE61AF61A3EBC340035C076 /* LHTouchView.m */,
			);
			path = A003;
			sourceTree = "<group>";
		};
		6DE967771A371D4300436817 = {
			isa = PBXGroup;
			children = (
				6DE967821A371D4300436817 /* iLihuxDailyAccumulatesInOC */,
				6DE9679C1A371D4300436817 /* iLihuxDailyAccumulatesInOCTests */,
				6DE967811A371D4300436817 /* Products */,
			);
			sourceTree = "<group>";
		};
		6DE967811A371D4300436817 /* Products */ = {
			isa = PBXGroup;
			children = (
				6DE967801A371D4300436817 /* iLihuxDailyAccumulatesInOC.app */,
				6DE967991A371D4300436817 /* iLihuxDailyAccumulatesInOCTests.xctest */,
			);
			name = Products;
			sourceTree = "<group>";
		};
		6DE967821A371D4300436817 /* iLihuxDailyAccumulatesInOC */ = {
			isa = PBXGroup;
			children = (
				6DE967D81A371FD900436817 /* LHMasterTableViewController.h */,
				6DE967D91A371FD900436817 /* LHMasterTableViewController.m */,
				6DE967D71A371FAD00436817 /* accumulates */,
				6DE967871A371D4300436817 /* AppDelegate.h */,
				6DE967881A371D4300436817 /* AppDelegate.m */,
				6DE9678D1A371D4300436817 /* Main.storyboard */,
				6DE967901A371D4300436817 /* Images.xcassets */,
				6DE967921A371D4300436817 /* LaunchScreen.xib */,
				6DE967831A371D4300436817 /* Supporting Files */,
			);
			path = iLihuxDailyAccumulatesInOC;
			sourceTree = "<group>";
		};
		6DE967831A371D4300436817 /* Supporting Files */ = {
			isa = PBXGroup;
			children = (
				6DE967841A371D4300436817 /* Info.plist */,
				6DE967851A371D4300436817 /* main.m */,
			);
			name = "Supporting Files";
			sourceTree = "<group>";
		};
		6DE9679C1A371D4300436817 /* iLihuxDailyAccumulatesInOCTests */ = {
			isa = PBXGroup;
			children = (
				6DE9679F1A371D4300436817 /* iLihuxDailyAccumulatesInOCTests.m */,
				6DE9679D1A371D4300436817 /* Supporting Files */,
			);
			path = iLihuxDailyAccumulatesInOCTests;
			sourceTree = "<group>";
		};
		6DE9679D1A371D4300436817 /* Supporting Files */ = {
			isa = PBXGroup;
			children = (
				6DE9679E1A371D4300436817 /* Info.plist */,
			);
			name = "Supporting Files";
			sourceTree = "<group>";
		};
		6DE967D71A371FAD00436817 /* accumulates */ = {
			isa = PBXGroup;
			children = (
				6D8BAA741A37C9F700CDBA33 /* A001 */,
				6D8BAA771A37C9F700CDBA33 /* A002 */,
				6D8BAA781A37C9F700CDBA33 /* A003 */,
				6DE967DB1A37211600436817 /* accumulates.plist */,
			);
			path = accumulates;
			sourceTree = "<group>";
		};
/* End PBXGroup section */

/* Begin PBXNativeTarget section */
		6DE9677F1A371D4300436817 /* iLihuxDailyAccumulatesInOC */ = {
			isa = PBXNativeTarget;
			buildConfigurationList = 6DE967A31A371D4300436817 /* Build configuration list for PBXNativeTarget "iLihuxDailyAccumulatesInOC" */;
			buildPhases = (
				6DE9677C1A371D4300436817 /* Sources */,
				6DE9677D1A371D4300436817 /* Frameworks */,
				6DE9677E1A371D4300436817 /* Resources */,
			);
			buildRules = (
			);
			dependencies = (
			);
			name = iLihuxDailyAccumulatesInOC;
			productName = iLihuxDailyAccumulatesInOC;
			productReference = 6DE967801A371D4300436817 /* iLihuxDailyAccumulatesInOC.app */;
			productType = "com.apple.product-type.application";
		};
		6DE967981A371D4300436817 /* iLihuxDailyAccumulatesInOCTests */ = {
			isa = PBXNativeTarget;
			buildConfigurationList = 6DE967A61A371D4300436817 /* Build configuration list for PBXNativeTarget "iLihuxDailyAccumulatesInOCTests" */;
			buildPhases = (
				6DE967951A371D4300436817 /* Sources */,
				6DE967961A371D4300436817 /* Frameworks */,
				6DE967971A371D4300436817 /* Resources */,
			);
			buildRules = (
			);
			dependencies = (
				6DE9679B1A371D4300436817 /* PBXTargetDependency */,
			);
			name = iLihuxDailyAccumulatesInOCTests;
			productName = iLihuxDailyAccumulatesInOCTests;
			productReference = 6DE967991A371D4300436817 /* iLihuxDailyAccumulatesInOCTests.xctest */;
			productType = "com.apple.product-type.bundle.unit-test";
		};
/* End PBXNativeTarget section */

/* Begin PBXProject section */
		6DE967781A371D4300436817 /* Project object */ = {
			isa = PBXProject;
			attributes = {
				LastUpgradeCheck = 0610;
				ORGANIZATIONNAME = lihux;
				TargetAttributes = {
					6DE9677F1A371D4300436817 = {
						CreatedOnToolsVersion = 6.1.1;
					};
					6DE967981A371D4300436817 = {
						CreatedOnToolsVersion = 6.1.1;
						TestTargetID = 6DE9677F1A371D4300436817;
					};
				};
			};
			buildConfigurationList = 6DE9677B1A371D4300436817 /* Build configuration list for PBXProject "iLihuxDailyAccumulatesInOC" */;
			compatibilityVersion = "Xcode 3.2";
			developmentRegion = English;
			hasScannedForEncodings = 0;
			knownRegions = (
				en,
				Base,
			);
			mainGroup = 6DE967771A371D4300436817;
			productRefGroup = 6DE967811A371D4300436817 /* Products */;
			projectDirPath = "";
			projectRoot = "";
			targets = (
				6DE9677F1A371D4300436817 /* iLihuxDailyAccumulatesInOC */,
				6DE967981A371D4300436817 /* iLihuxDailyAccumulatesInOCTests */,
			);
		};
/* End PBXProject section */

/* Begin PBXResourcesBuildPhase section */
		6DE9677E1A371D4300436817 /* Resources */ = {
			isa = PBXResourcesBuildPhase;
			buildActionMask = 2147483647;
			files = (
				6DE9678F1A371D4300436817 /* Main.storyboard in Resources */,
				6DE967941A371D4300436817 /* LaunchScreen.xib in Resources */,
				6DE967DC1A37211600436817 /* accumulates.plist in Resources */,
				6DE967911A371D4300436817 /* Images.xcassets in Resources */,
			);
			runOnlyForDeploymentPostprocessing = 0;
		};
		6DE967971A371D4300436817 /* Resources */ = {
			isa = PBXResourcesBuildPhase;
			buildActionMask = 2147483647;
			files = (
			);
			runOnlyForDeploymentPostprocessing = 0;
		};
/* End PBXResourcesBuildPhase section */

/* Begin PBXSourcesBuildPhase section */
		6DE9677C1A371D4300436817 /* Sources */ = {
			isa = PBXSourcesBuildPhase;
			buildActionMask = 2147483647;
			files = (
				6DE967891A371D4300436817 /* AppDelegate.m in Sources */,
				6DE61AEE1A3EA8C70035C076 /* A03TouchEventTableViewController.m in Sources */,
				6DE61AF71A3EBC340035C076 /* LHTouchView.m in Sources */,
				6DE967DA1A371FD900436817 /* LHMasterTableViewController.m in Sources */,
				6DE967861A371D4300436817 /* main.m in Sources */,
				6DE61AF11A3EA8F70035C076 /* LHTouchEventTableViewCell.m in Sources */,
				6DE61AE11A3E64FA0035C076 /* A02KVCViewController.m in Sources */,
				6DE61AE41A3E6E190035C076 /* LHKVCPeople.m in Sources */,
				6D8BAA791A37C9F700CDBA33 /* A01InputConstraintViewController.m in Sources */,
				6DE61AF41A3EA9100035C076 /* LHTextView.m in Sources */,
				6D8BAA871A38166900CDBA33 /* LHView.m in Sources */,
				6DE61AE71A3E6E270035C076 /* LHKVCAddress.m in Sources */,
			);
			runOnlyForDeploymentPostprocessing = 0;
		};
		6DE967951A371D4300436817 /* Sources */ = {
			isa = PBXSourcesBuildPhase;
			buildActionMask = 2147483647;
			files = (
				6DE967A01A371D4300436817 /* iLihuxDailyAccumulatesInOCTests.m in Sources */,
			);
			runOnlyForDeploymentPostprocessing = 0;
		};
/* End PBXSourcesBuildPhase section */

/* Begin PBXTargetDependency section */
		6DE9679B1A371D4300436817 /* PBXTargetDependency */ = {
			isa = PBXTargetDependency;
			target = 6DE9677F1A371D4300436817 /* iLihuxDailyAccumulatesInOC */;
			targetProxy = 6DE9679A1A371D4300436817 /* PBXContainerItemProxy */;
		};
/* End PBXTargetDependency section */

/* Begin PBXVariantGroup section */
		6DE9678D1A371D4300436817 /* Main.storyboard */ = {
			isa = PBXVariantGroup;
			children = (
				6DE9678E1A371D4300436817 /* Base */,
			);
			name = Main.storyboard;
			sourceTree = "<group>";
		};
		6DE967921A371D4300436817 /* LaunchScreen.xib */ = {
			isa = PBXVariantGroup;
			children = (
				6DE967931A371D4300436817 /* Base */,
			);
			name = LaunchScreen.xib;
			sourceTree = "<group>";
		};
/* End PBXVariantGroup section */

/* Begin XCBuildConfiguration section */
		6DE967A11A371D4300436817 /* Debug */ = {
			isa = XCBuildConfiguration;
			buildSettings = {
				ALWAYS_SEARCH_USER_PATHS = NO;
				CLANG_CXX_LANGUAGE_STANDARD = "gnu++0x";
				CLANG_CXX_LIBRARY = "libc++";
				CLANG_ENABLE_MODULES = YES;
				CLANG_ENABLE_OBJC_ARC = YES;
				CLANG_WARN_BOOL_CONVERSION = YES;
				CLANG_WARN_CONSTANT_CONVERSION = YES;
				CLANG_WARN_DIRECT_OBJC_ISA_USAGE = YES_ERROR;
				CLANG_WARN_EMPTY_BODY = YES;
				CLANG_WARN_ENUM_CONVERSION = YES;
				CLANG_WARN_INT_CONVERSION = YES;
				CLANG_WARN_OBJC_ROOT_CLASS = YES_ERROR;
				CLANG_WARN_UNREACHABLE_CODE = YES;
				CLANG_WARN__DUPLICATE_METHOD_MATCH = YES;
				"CODE_SIGN_IDENTITY[sdk=iphoneos*]" = "iPhone Developer";
				COPY_PHASE_STRIP = NO;
				ENABLE_STRICT_OBJC_MSGSEND = YES;
				GCC_C_LANGUAGE_STANDARD = gnu99;
				GCC_DYNAMIC_NO_PIC = NO;
				GCC_OPTIMIZATION_LEVEL = 0;
				GCC_PREPROCESSOR_DEFINITIONS = (
					"DEBUG=1",
					"$(inherited)",
				);
				GCC_SYMBOLS_PRIVATE_EXTERN = NO;
				GCC_WARN_64_TO_32_BIT_CONVERSION = YES;
				GCC_WARN_ABOUT_RETURN_TYPE = YES_ERROR;
				GCC_WARN_UNDECLARED_SELECTOR = YES;
				GCC_WARN_UNINITIALIZED_AUTOS = YES_AGGRESSIVE;
				GCC_WARN_UNUSED_FUNCTION = YES;
				GCC_WARN_UNUSED_VARIABLE = YES;
				IPHONEOS_DEPLOYMENT_TARGET = 8.1;
				MTL_ENABLE_DEBUG_INFO = YES;
				ONLY_ACTIVE_ARCH = YES;
				SDKROOT = iphoneos;
			};
			name = Debug;
		};
		6DE967A21A371D4300436817 /* Release */ = {
			isa = XCBuildConfiguration;
			buildSettings = {
				ALWAYS_SEARCH_USER_PATHS = NO;
				CLANG_CXX_LANGUAGE_STANDARD = "gnu++0x";
				CLANG_CXX_LIBRARY = "libc++";
				CLANG_ENABLE_MODULES = YES;
				CLANG_ENABLE_OBJC_ARC = YES;
				CLANG_WARN_BOOL_CONVERSION = YES;
				CLANG_WARN_CONSTANT_CONVERSION = YES;
				CLANG_WARN_DIRECT_OBJC_ISA_USAGE = YES_ERROR;
				CLANG_WARN_EMPTY_BODY = YES;
				CLANG_WARN_ENUM_CONVERSION = YES;
				CLANG_WARN_INT_CONVERSION = YES;
				CLANG_WARN_OBJC_ROOT_CLASS = YES_ERROR;
				CLANG_WARN_UNREACHABLE_CODE = YES;
				CLANG_WARN__DUPLICATE_METHOD_MATCH = YES;
				"CODE_SIGN_IDENTITY[sdk=iphoneos*]" = "iPhone Developer";
				COPY_PHASE_STRIP = YES;
				ENABLE_NS_ASSERTIONS = NO;
				ENABLE_STRICT_OBJC_MSGSEND = YES;
				GCC_C_LANGUAGE_STANDARD = gnu99;
				GCC_WARN_64_TO_32_BIT_CONVERSION = YES;
				GCC_WARN_ABOUT_RETURN_TYPE = YES_ERROR;
				GCC_WARN_UNDECLARED_SELECTOR = YES;
				GCC_WARN_UNINITIALIZED_AUTOS = YES_AGGRESSIVE;
				GCC_WARN_UNUSED_FUNCTION = YES;
				GCC_WARN_UNUSED_VARIABLE = YES;
				IPHONEOS_DEPLOYMENT_TARGET = 8.1;
				MTL_ENABLE_DEBUG_INFO = NO;
				SDKROOT = iphoneos;
				VALIDATE_PRODUCT = YES;
			};
			name = Release;
		};
		6DE967A41A371D4300436817 /* Debug */ = {
			isa = XCBuildConfiguration;
			buildSettings = {
				ASSETCATALOG_COMPILER_APPICON_NAME = AppIcon;
				INFOPLIST_FILE = iLihuxDailyAccumulatesInOC/Info.plist;
				LD_RUNPATH_SEARCH_PATHS = "$(inherited) @executable_path/Frameworks";
				PRODUCT_NAME = "$(TARGET_NAME)";
			};
			name = Debug;
		};
		6DE967A51A371D4300436817 /* Release */ = {
			isa = XCBuildConfiguration;
			buildSettings = {
				ASSETCATALOG_COMPILER_APPICON_NAME = AppIcon;
				INFOPLIST_FILE = iLihuxDailyAccumulatesInOC/Info.plist;
				LD_RUNPATH_SEARCH_PATHS = "$(inherited) @executable_path/Frameworks";
				PRODUCT_NAME = "$(TARGET_NAME)";
			};
			name = Release;
		};
		6DE967A71A371D4300436817 /* Debug */ = {
			isa = XCBuildConfiguration;
			buildSettings = {
				BUNDLE_LOADER = "$(TEST_HOST)";
				FRAMEWORK_SEARCH_PATHS = (
					"$(SDKROOT)/Developer/Library/Frameworks",
					"$(inherited)",
				);
				GCC_PREPROCESSOR_DEFINITIONS = (
					"DEBUG=1",
					"$(inherited)",
				);
				INFOPLIST_FILE = iLihuxDailyAccumulatesInOCTests/Info.plist;
				LD_RUNPATH_SEARCH_PATHS = "$(inherited) @executable_path/Frameworks @loader_path/Frameworks";
				PRODUCT_NAME = "$(TARGET_NAME)";
				TEST_HOST = "$(BUILT_PRODUCTS_DIR)/iLihuxDailyAccumulatesInOC.app/iLihuxDailyAccumulatesInOC";
			};
			name = Debug;
		};
		6DE967A81A371D4300436817 /* Release */ = {
			isa = XCBuildConfiguration;
			buildSettings = {
				BUNDLE_LOADER = "$(TEST_HOST)";
				FRAMEWORK_SEARCH_PATHS = (
					"$(SDKROOT)/Developer/Library/Frameworks",
					"$(inherited)",
				);
				INFOPLIST_FILE = iLihuxDailyAccumulatesInOCTests/Info.plist;
				LD_RUNPATH_SEARCH_PATHS = "$(inherited) @executable_path/Frameworks @loader_path/Frameworks";
				PRODUCT_NAME = "$(TARGET_NAME)";
				TEST_HOST = "$(BUILT_PRODUCTS_DIR)/iLihuxDailyAccumulatesInOC.app/iLihuxDailyAccumulatesInOC";
			};
			name = Release;
		};
/* End XCBuildConfiguration section */

/* Begin XCConfigurationList section */
		6DE9677B1A371D4300436817 /* Build configuration list for PBXProject "iLihuxDailyAccumulatesInOC" */ = {
			isa = XCConfigurationList;
			buildConfigurations = (
				6DE967A11A371D4300436817 /* Debug */,
				6DE967A21A371D4300436817 /* Release */,
			);
			defaultConfigurationIsVisible = 0;
			defaultConfigurationName = Release;
		};
		6DE967A31A371D4300436817 /* Build configuration list for PBXNativeTarget "iLihuxDailyAccumulatesInOC" */ = {
			isa = XCConfigurationList;
			buildConfigurations = (
				6DE967A41A371D4300436817 /* Debug */,
				6DE967A51A371D4300436817 /* Release */,
			);
			defaultConfigurationIsVisible = 0;
			defaultConfigurationName = Release;
		};
		6DE967A61A371D4300436817 /* Build configuration list for PBXNativeTarget "iLihuxDailyAccumulatesInOCTests" */ = {
			isa = XCConfigurationList;
			buildConfigurations = (
				6DE967A71A371D4300436817 /* Debug */,
				6DE967A81A371D4300436817 /* Release */,
			);
			defaultConfigurationIsVisible = 0;
			defaultConfigurationName = Release;
		};
/* End XCConfigurationList section */
	};
	rootObject = 6DE967781A371D4300436817 /* Project object */;
}
