// !$*UTF8*$!
{
	archiveVersion = 1;
	classes = {
	};
	objectVersion = 46;
	objects = {

/* Begin PBXBuildFile section */
		6D31B4F91A6CD2860011E6C0 /* OA07CoreAnimationViewController.m in Sources */ = {isa = PBXBuildFile; fileRef = 6D31B4F81A6CD2860011E6C0 /* OA07CoreAnimationViewController.m */; };
		6D31B4FF1A6CD4640011E6C0 /* OA07View.m in Sources */ = {isa = PBXBuildFile; fileRef = 6D31B4FE1A6CD4640011E6C0 /* OA07View.m */; };
		6D31B5021A6CD4880011E6C0 /* OA07Layer.m in Sources */ = {isa = PBXBuildFile; fileRef = 6D31B5011A6CD4880011E6C0 /* OA07Layer.m */; };
		6D31B5051A6CD4B00011E6C0 /* OA07ShapeLayer.m in Sources */ = {isa = PBXBuildFile; fileRef = 6D31B5041A6CD4B00011E6C0 /* OA07ShapeLayer.m */; };
		6D31B5081A6CD4D00011E6C0 /* OA07BasicAnimation.m in Sources */ = {isa = PBXBuildFile; fileRef = 6D31B5071A6CD4D00011E6C0 /* OA07BasicAnimation.m */; };
		6D3C057B1A60C85600491D31 /* OA05Task.m in Sources */ = {isa = PBXBuildFile; fileRef = 6D3C057A1A60C85600491D31 /* OA05Task.m */; };
		6D5A83551A4A3D86001DC86C /* OA04ArchiveViewController.m in Sources */ = {isa = PBXBuildFile; fileRef = 6D5A83541A4A3D86001DC86C /* OA04ArchiveViewController.m */; };
		6D5A83581A4A3DAD001DC86C /* OA04ArchivedObject.m in Sources */ = {isa = PBXBuildFile; fileRef = 6D5A83571A4A3DAD001DC86C /* OA04ArchivedObject.m */; };
		6D7AEFFB1A63568100ACBD85 /* OA06EventViewController.m in Sources */ = {isa = PBXBuildFile; fileRef = 6D7AEFFA1A63568100ACBD85 /* OA06EventViewController.m */; };
		6D8B63221A5E0F9A00735E2E /* OA05GCDViewController.m in Sources */ = {isa = PBXBuildFile; fileRef = 6D8B63211A5E0F9A00735E2E /* OA05GCDViewController.m */; };
		6D8BAA791A37C9F700CDBA33 /* OA01InputConstraintViewController.m in Sources */ = {isa = PBXBuildFile; fileRef = 6D8BAA761A37C9F700CDBA33 /* OA01InputConstraintViewController.m */; };
		6D8BAA871A38166900CDBA33 /* OLHView.m in Sources */ = {isa = PBXBuildFile; fileRef = 6D8BAA861A38166900CDBA33 /* OLHView.m */; };
		6D8FEC361A65FEE000F23585 /* OA06ChildViewViewController.m in Sources */ = {isa = PBXBuildFile; fileRef = 6D8FEC351A65FEE000F23585 /* OA06ChildViewViewController.m */; };
		6D9901231A64A78F009A57AF /* OA06TouchLogView.m in Sources */ = {isa = PBXBuildFile; fileRef = 6D9901221A64A78F009A57AF /* OA06TouchLogView.m */; };
		6DA68D1D1A5FB989009384A9 /* OA05GCD.plist in Resources */ = {isa = PBXBuildFile; fileRef = 6DA68D1C1A5FB989009384A9 /* OA05GCD.plist */; };
		6DA68D201A5FBFAE009384A9 /* OA05TableViewCell.m in Sources */ = {isa = PBXBuildFile; fileRef = 6DA68D1F1A5FBFAE009384A9 /* OA05TableViewCell.m */; };
		6DB068091A7140BD0029C8E6 /* OA08LayerAnimationViewController.m in Sources */ = {isa = PBXBuildFile; fileRef = 6DB068081A7140BD0029C8E6 /* OA08LayerAnimationViewController.m */; };
		6DB0680C1A7140F90029C8E6 /* OA08AlbumImageView.m in Sources */ = {isa = PBXBuildFile; fileRef = 6DB0680B1A7140F90029C8E6 /* OA08AlbumImageView.m */; };
		6DBC0B3A1A6134D700A17904 /* OA05Text.plist in Resources */ = {isa = PBXBuildFile; fileRef = 6DBC0B391A6134D700A17904 /* OA05Text.plist */; };
		6DBC0B401A61477900A17904 /* OA05CustomOperation.m in Sources */ = {isa = PBXBuildFile; fileRef = 6DBC0B3F1A61477900A17904 /* OA05CustomOperation.m */; };
		6DE61AE11A3E64FA0035C076 /* OA02KVCViewController.m in Sources */ = {isa = PBXBuildFile; fileRef = 6DE61AE01A3E64FA0035C076 /* OA02KVCViewController.m */; };
		6DE61AE41A3E6E190035C076 /* OLHKVCPeople.m in Sources */ = {isa = PBXBuildFile; fileRef = 6DE61AE31A3E6E190035C076 /* OLHKVCPeople.m */; };
		6DE61AE71A3E6E270035C076 /* OLHKVCAddress.m in Sources */ = {isa = PBXBuildFile; fileRef = 6DE61AE61A3E6E270035C076 /* OLHKVCAddress.m */; };
		6DE61AEE1A3EA8C70035C076 /* OA03TouchEventTableViewController.m in Sources */ = {isa = PBXBuildFile; fileRef = 6DE61AED1A3EA8C70035C076 /* OA03TouchEventTableViewController.m */; };
		6DE61AF11A3EA8F70035C076 /* OLHTouchEventTableViewCell.m in Sources */ = {isa = PBXBuildFile; fileRef = 6DE61AF01A3EA8F70035C076 /* OLHTouchEventTableViewCell.m */; };
		6DE61AF41A3EA9100035C076 /* OLHTextView.m in Sources */ = {isa = PBXBuildFile; fileRef = 6DE61AF31A3EA9100035C076 /* OLHTextView.m */; };
		6DE61AF71A3EBC340035C076 /* OLHTouchView.m in Sources */ = {isa = PBXBuildFile; fileRef = 6DE61AF61A3EBC340035C076 /* OLHTouchView.m */; };
		6DE967861A371D4300436817 /* main.m in Sources */ = {isa = PBXBuildFile; fileRef = 6DE967851A371D4300436817 /* main.m */; };
		6DE967891A371D4300436817 /* AppDelegate.m in Sources */ = {isa = PBXBuildFile; fileRef = 6DE967881A371D4300436817 /* AppDelegate.m */; };
		6DE9678F1A371D4300436817 /* Main.storyboard in Resources */ = {isa = PBXBuildFile; fileRef = 6DE9678D1A371D4300436817 /* Main.storyboard */; };
		6DE967911A371D4300436817 /* Images.xcassets in Resources */ = {isa = PBXBuildFile; fileRef = 6DE967901A371D4300436817 /* Images.xcassets */; };
		6DE967941A371D4300436817 /* LaunchScreen.xib in Resources */ = {isa = PBXBuildFile; fileRef = 6DE967921A371D4300436817 /* LaunchScreen.xib */; };
		6DE967A01A371D4300436817 /* iLihuxDailyAccumulatesInOCTests.m in Sources */ = {isa = PBXBuildFile; fileRef = 6DE9679F1A371D4300436817 /* iLihuxDailyAccumulatesInOCTests.m */; };
		6DE967DA1A371FD900436817 /* OLHMasterTableViewController.m in Sources */ = {isa = PBXBuildFile; fileRef = 6DE967D91A371FD900436817 /* OLHMasterTableViewController.m */; };
		6DE967DC1A37211600436817 /* OAccumulates.plist in Resources */ = {isa = PBXBuildFile; fileRef = 6DE967DB1A37211600436817 /* OAccumulates.plist */; };
		9C0C8F371B55F522003FC977 /* OAAccumulateTableViewController.m in Sources */ = {isa = PBXBuildFile; fileRef = 9C0C8F361B55F522003FC977 /* OAAccumulateTableViewController.m */; };
		9C0C8F3A1B55FC50003FC977 /* OA11AllAnimationViewController.m in Sources */ = {isa = PBXBuildFile; fileRef = 9C0C8F391B55FC50003FC977 /* OA11AllAnimationViewController.m */; };
		9C0C8F3D1B5600CF003FC977 /* OA11TabbarTransitionViewController.m in Sources */ = {isa = PBXBuildFile; fileRef = 9C0C8F3C1B5600CF003FC977 /* OA11TabbarTransitionViewController.m */; };
		9C0C8F411B5607A7003FC977 /* OA11AnimatedTransitioningObject.m in Sources */ = {isa = PBXBuildFile; fileRef = 9C0C8F401B5607A7003FC977 /* OA11AnimatedTransitioningObject.m */; };
		9C621C081B555596002A0D3E /* Utilities.m in Sources */ = {isa = PBXBuildFile; fileRef = 9C621C071B555596002A0D3E /* Utilities.m */; };
		9C621C0B1B555853002A0D3E /* OAccumulate.m in Sources */ = {isa = PBXBuildFile; fileRef = 9C621C0A1B555853002A0D3E /* OAccumulate.m */; };
		9C621C0E1B555880002A0D3E /* OAccumulatesManager.m in Sources */ = {isa = PBXBuildFile; fileRef = 9C621C0D1B555880002A0D3E /* OAccumulatesManager.m */; };
		9CE78F3B1B69C3250029F562 /* OA12JSPatchViewController.m in Sources */ = {isa = PBXBuildFile; fileRef = 9CE78F3A1B69C3250029F562 /* OA12JSPatchViewController.m */; };
		9CE78F3D1B69C5660029F562 /* OA12.plist in Resources */ = {isa = PBXBuildFile; fileRef = 9CE78F3C1B69C5660029F562 /* OA12.plist */; };
		9CE78F3F1B69C5B80029F562 /* OA12.storyboard in Resources */ = {isa = PBXBuildFile; fileRef = 9CE78F3E1B69C5B80029F562 /* OA12.storyboard */; };
		9CE78F431B69C6310029F562 /* OA12OCRuntimeBasicsViewController.m in Sources */ = {isa = PBXBuildFile; fileRef = 9CE78F421B69C6310029F562 /* OA12OCRuntimeBasicsViewController.m */; };
		9CE78F4D1B69CC040029F562 /* LHRoundCornerButton.m in Sources */ = {isa = PBXBuildFile; fileRef = 9CE78F4C1B69CC040029F562 /* LHRoundCornerButton.m */; };
		9CE78F511B6A14F70029F562 /* OA12JSPatchFromServerDemoViewController.m in Sources */ = {isa = PBXBuildFile; fileRef = 9CE78F501B6A14F70029F562 /* OA12JSPatchFromServerDemoViewController.m */; };
		9CE78F561B6A152C0029F562 /* JPEngine.m in Sources */ = {isa = PBXBuildFile; fileRef = 9CE78F541B6A152C0029F562 /* JPEngine.m */; };
		9CE78F571B6A152C0029F562 /* JSPatch.js in Resources */ = {isa = PBXBuildFile; fileRef = 9CE78F551B6A152C0029F562 /* JSPatch.js */; };
		9CE78F5C1B6A18870029F562 /* MBHUDHelper.m in Sources */ = {isa = PBXBuildFile; fileRef = 9CE78F591B6A18870029F562 /* MBHUDHelper.m */; };
		9CE78F5D1B6A18870029F562 /* MBProgressHUD.m in Sources */ = {isa = PBXBuildFile; fileRef = 9CE78F5B1B6A18870029F562 /* MBProgressHUD.m */; };
		9CEA9E171B441E3500075C66 /* OA09NotificationViewController.m in Sources */ = {isa = PBXBuildFile; fileRef = 9CEA9E161B441E3500075C66 /* OA09NotificationViewController.m */; };
		9CECDCC71B58D04400291F45 /* OA11PullToRefreshViewController.m in Sources */ = {isa = PBXBuildFile; fileRef = 9CECDCC61B58D04400291F45 /* OA11PullToRefreshViewController.m */; };
		9CECDCCA1B58DBDB00291F45 /* LHPullToRefreshView.m in Sources */ = {isa = PBXBuildFile; fileRef = 9CECDCC91B58DBDB00291F45 /* LHPullToRefreshView.m */; };
		9CEE0EB21B64828D00DE66A6 /* UIScrollView+SVInfiniteScrolling.m in Sources */ = {isa = PBXBuildFile; fileRef = 9CEE0EAF1B64828D00DE66A6 /* UIScrollView+SVInfiniteScrolling.m */; };
		9CEE0EB31B64828D00DE66A6 /* UIScrollView+SVPullToRefresh.m in Sources */ = {isa = PBXBuildFile; fileRef = 9CEE0EB11B64828D00DE66A6 /* UIScrollView+SVPullToRefresh.m */; };
		9CEEBC501B61CF5B002D6F2C /* LHPullToRefreshContentView.m in Sources */ = {isa = PBXBuildFile; fileRef = 9CEEBC4F1B61CF5B002D6F2C /* LHPullToRefreshContentView.m */; };
		9CF2E7661B44D91D00CFA63F /* OA10SDWebImageViewController.m in Sources */ = {isa = PBXBuildFile; fileRef = 9CF2E7651B44D91D00CFA63F /* OA10SDWebImageViewController.m */; };
		9CF304061B5C897900FDD6C1 /* UIScrollView+LHPullToRefresh.m in Sources */ = {isa = PBXBuildFile; fileRef = 9CF304051B5C897900FDD6C1 /* UIScrollView+LHPullToRefresh.m */; };
		9CF72DFA1B55DF9B00C2FFB5 /* OA11.storyboard in Resources */ = {isa = PBXBuildFile; fileRef = 9CF72DF91B55DF9B00C2FFB5 /* OA11.storyboard */; };
		9CF72DFC1B55DFFF00C2FFB5 /* OA11.plist in Resources */ = {isa = PBXBuildFile; fileRef = 9CF72DFB1B55DFFF00C2FFB5 /* OA11.plist */; };
/* End PBXBuildFile section */

/* Begin PBXContainerItemProxy section */
		6DE9679A1A371D4300436817 /* PBXContainerItemProxy */ = {
			isa = PBXContainerItemProxy;
			containerPortal = 6DE967781A371D4300436817 /* Project object */;
			proxyType = 1;
			remoteGlobalIDString = 6DE9677F1A371D4300436817;
			remoteInfo = iLihuxDailyAccumulatesInOC;
		};
/* End PBXContainerItemProxy section */

/* Begin PBXFileReference section */
		6D31B4F71A6CD2860011E6C0 /* OA07CoreAnimationViewController.h */ = {isa = PBXFileReference; fileEncoding = 4; lastKnownFileType = sourcecode.c.h; path = OA07CoreAnimationViewController.h; sourceTree = "<group>"; };
		6D31B4F81A6CD2860011E6C0 /* OA07CoreAnimationViewController.m */ = {isa = PBXFileReference; fileEncoding = 4; lastKnownFileType = sourcecode.c.objc; path = OA07CoreAnimationViewController.m; sourceTree = "<group>"; };
		6D31B4FD1A6CD4640011E6C0 /* OA07View.h */ = {isa = PBXFileReference; fileEncoding = 4; lastKnownFileType = sourcecode.c.h; path = OA07View.h; sourceTree = "<group>"; };
		6D31B4FE1A6CD4640011E6C0 /* OA07View.m */ = {isa = PBXFileReference; fileEncoding = 4; lastKnownFileType = sourcecode.c.objc; path = OA07View.m; sourceTree = "<group>"; };
		6D31B5001A6CD4880011E6C0 /* OA07Layer.h */ = {isa = PBXFileReference; fileEncoding = 4; lastKnownFileType = sourcecode.c.h; path = OA07Layer.h; sourceTree = "<group>"; };
		6D31B5011A6CD4880011E6C0 /* OA07Layer.m */ = {isa = PBXFileReference; fileEncoding = 4; lastKnownFileType = sourcecode.c.objc; path = OA07Layer.m; sourceTree = "<group>"; };
		6D31B5031A6CD4B00011E6C0 /* OA07ShapeLayer.h */ = {isa = PBXFileReference; fileEncoding = 4; lastKnownFileType = sourcecode.c.h; path = OA07ShapeLayer.h; sourceTree = "<group>"; };
		6D31B5041A6CD4B00011E6C0 /* OA07ShapeLayer.m */ = {isa = PBXFileReference; fileEncoding = 4; lastKnownFileType = sourcecode.c.objc; path = OA07ShapeLayer.m; sourceTree = "<group>"; };
		6D31B5061A6CD4D00011E6C0 /* OA07BasicAnimation.h */ = {isa = PBXFileReference; fileEncoding = 4; lastKnownFileType = sourcecode.c.h; path = OA07BasicAnimation.h; sourceTree = "<group>"; };
		6D31B5071A6CD4D00011E6C0 /* OA07BasicAnimation.m */ = {isa = PBXFileReference; fileEncoding = 4; lastKnownFileType = sourcecode.c.objc; path = OA07BasicAnimation.m; sourceTree = "<group>"; };
		6D3C05791A60C85600491D31 /* OA05Task.h */ = {isa = PBXFileReference; fileEncoding = 4; lastKnownFileType = sourcecode.c.h; path = OA05Task.h; sourceTree = "<group>"; };
		6D3C057A1A60C85600491D31 /* OA05Task.m */ = {isa = PBXFileReference; fileEncoding = 4; lastKnownFileType = sourcecode.c.objc; path = OA05Task.m; sourceTree = "<group>"; };
		6D5A83531A4A3D86001DC86C /* OA04ArchiveViewController.h */ = {isa = PBXFileReference; fileEncoding = 4; lastKnownFileType = sourcecode.c.h; path = OA04ArchiveViewController.h; sourceTree = "<group>"; };
		6D5A83541A4A3D86001DC86C /* OA04ArchiveViewController.m */ = {isa = PBXFileReference; fileEncoding = 4; lastKnownFileType = sourcecode.c.objc; path = OA04ArchiveViewController.m; sourceTree = "<group>"; };
		6D5A83561A4A3DAD001DC86C /* OA04ArchivedObject.h */ = {isa = PBXFileReference; fileEncoding = 4; lastKnownFileType = sourcecode.c.h; path = OA04ArchivedObject.h; sourceTree = "<group>"; };
		6D5A83571A4A3DAD001DC86C /* OA04ArchivedObject.m */ = {isa = PBXFileReference; fileEncoding = 4; lastKnownFileType = sourcecode.c.objc; path = OA04ArchivedObject.m; sourceTree = "<group>"; };
		6D7AEFF91A63568100ACBD85 /* OA06EventViewController.h */ = {isa = PBXFileReference; fileEncoding = 4; lastKnownFileType = sourcecode.c.h; path = OA06EventViewController.h; sourceTree = "<group>"; };
		6D7AEFFA1A63568100ACBD85 /* OA06EventViewController.m */ = {isa = PBXFileReference; fileEncoding = 4; lastKnownFileType = sourcecode.c.objc; path = OA06EventViewController.m; sourceTree = "<group>"; };
		6D8B63201A5E0F9A00735E2E /* OA05GCDViewController.h */ = {isa = PBXFileReference; fileEncoding = 4; lastKnownFileType = sourcecode.c.h; path = OA05GCDViewController.h; sourceTree = "<group>"; };
		6D8B63211A5E0F9A00735E2E /* OA05GCDViewController.m */ = {isa = PBXFileReference; fileEncoding = 4; lastKnownFileType = sourcecode.c.objc; path = OA05GCDViewController.m; sourceTree = "<group>"; };
		6D8BAA751A37C9F700CDBA33 /* OA01InputConstraintViewController.h */ = {isa = PBXFileReference; fileEncoding = 4; lastKnownFileType = sourcecode.c.h; path = OA01InputConstraintViewController.h; sourceTree = "<group>"; };
		6D8BAA761A37C9F700CDBA33 /* OA01InputConstraintViewController.m */ = {isa = PBXFileReference; fileEncoding = 4; lastKnownFileType = sourcecode.c.objc; path = OA01InputConstraintViewController.m; sourceTree = "<group>"; };
		6D8BAA851A38166900CDBA33 /* OLHView.h */ = {isa = PBXFileReference; fileEncoding = 4; lastKnownFileType = sourcecode.c.h; path = OLHView.h; sourceTree = "<group>"; };
		6D8BAA861A38166900CDBA33 /* OLHView.m */ = {isa = PBXFileReference; fileEncoding = 4; lastKnownFileType = sourcecode.c.objc; path = OLHView.m; sourceTree = "<group>"; };
		6D8FEC341A65FEE000F23585 /* OA06ChildViewViewController.h */ = {isa = PBXFileReference; fileEncoding = 4; lastKnownFileType = sourcecode.c.h; path = OA06ChildViewViewController.h; sourceTree = "<group>"; };
		6D8FEC351A65FEE000F23585 /* OA06ChildViewViewController.m */ = {isa = PBXFileReference; fileEncoding = 4; lastKnownFileType = sourcecode.c.objc; path = OA06ChildViewViewController.m; sourceTree = "<group>"; };
		6D9901211A64A78F009A57AF /* OA06TouchLogView.h */ = {isa = PBXFileReference; fileEncoding = 4; lastKnownFileType = sourcecode.c.h; path = OA06TouchLogView.h; sourceTree = "<group>"; };
		6D9901221A64A78F009A57AF /* OA06TouchLogView.m */ = {isa = PBXFileReference; fileEncoding = 4; lastKnownFileType = sourcecode.c.objc; path = OA06TouchLogView.m; sourceTree = "<group>"; };
		6DA68D1C1A5FB989009384A9 /* OA05GCD.plist */ = {isa = PBXFileReference; fileEncoding = 4; lastKnownFileType = text.plist.xml; path = OA05GCD.plist; sourceTree = "<group>"; };
		6DA68D1E1A5FBFAE009384A9 /* OA05TableViewCell.h */ = {isa = PBXFileReference; fileEncoding = 4; lastKnownFileType = sourcecode.c.h; path = OA05TableViewCell.h; sourceTree = "<group>"; };
		6DA68D1F1A5FBFAE009384A9 /* OA05TableViewCell.m */ = {isa = PBXFileReference; fileEncoding = 4; lastKnownFileType = sourcecode.c.objc; path = OA05TableViewCell.m; sourceTree = "<group>"; };
		6DB068071A7140BD0029C8E6 /* OA08LayerAnimationViewController.h */ = {isa = PBXFileReference; fileEncoding = 4; lastKnownFileType = sourcecode.c.h; path = OA08LayerAnimationViewController.h; sourceTree = "<group>"; };
		6DB068081A7140BD0029C8E6 /* OA08LayerAnimationViewController.m */ = {isa = PBXFileReference; fileEncoding = 4; lastKnownFileType = sourcecode.c.objc; path = OA08LayerAnimationViewController.m; sourceTree = "<group>"; };
		6DB0680A1A7140F90029C8E6 /* OA08AlbumImageView.h */ = {isa = PBXFileReference; fileEncoding = 4; lastKnownFileType = sourcecode.c.h; path = OA08AlbumImageView.h; sourceTree = "<group>"; };
		6DB0680B1A7140F90029C8E6 /* OA08AlbumImageView.m */ = {isa = PBXFileReference; fileEncoding = 4; lastKnownFileType = sourcecode.c.objc; path = OA08AlbumImageView.m; sourceTree = "<group>"; };
		6DBC0B391A6134D700A17904 /* OA05Text.plist */ = {isa = PBXFileReference; fileEncoding = 4; lastKnownFileType = text.plist.xml; path = OA05Text.plist; sourceTree = "<group>"; };
		6DBC0B3E1A61477900A17904 /* OA05CustomOperation.h */ = {isa = PBXFileReference; fileEncoding = 4; lastKnownFileType = sourcecode.c.h; path = OA05CustomOperation.h; sourceTree = "<group>"; };
		6DBC0B3F1A61477900A17904 /* OA05CustomOperation.m */ = {isa = PBXFileReference; fileEncoding = 4; lastKnownFileType = sourcecode.c.objc; path = OA05CustomOperation.m; sourceTree = "<group>"; };
		6DE61ADF1A3E64FA0035C076 /* OA02KVCViewController.h */ = {isa = PBXFileReference; fileEncoding = 4; lastKnownFileType = sourcecode.c.h; path = OA02KVCViewController.h; sourceTree = "<group>"; };
		6DE61AE01A3E64FA0035C076 /* OA02KVCViewController.m */ = {isa = PBXFileReference; fileEncoding = 4; lastKnownFileType = sourcecode.c.objc; path = OA02KVCViewController.m; sourceTree = "<group>"; };
		6DE61AE21A3E6E190035C076 /* OLHKVCPeople.h */ = {isa = PBXFileReference; fileEncoding = 4; lastKnownFileType = sourcecode.c.h; path = OLHKVCPeople.h; sourceTree = "<group>"; };
		6DE61AE31A3E6E190035C076 /* OLHKVCPeople.m */ = {isa = PBXFileReference; fileEncoding = 4; lastKnownFileType = sourcecode.c.objc; path = OLHKVCPeople.m; sourceTree = "<group>"; };
		6DE61AE51A3E6E270035C076 /* OLHKVCAddress.h */ = {isa = PBXFileReference; fileEncoding = 4; lastKnownFileType = sourcecode.c.h; path = OLHKVCAddress.h; sourceTree = "<group>"; };
		6DE61AE61A3E6E270035C076 /* OLHKVCAddress.m */ = {isa = PBXFileReference; fileEncoding = 4; lastKnownFileType = sourcecode.c.objc; path = OLHKVCAddress.m; sourceTree = "<group>"; };
		6DE61AEC1A3EA8C70035C076 /* OA03TouchEventTableViewController.h */ = {isa = PBXFileReference; fileEncoding = 4; lastKnownFileType = sourcecode.c.h; path = OA03TouchEventTableViewController.h; sourceTree = "<group>"; };
		6DE61AED1A3EA8C70035C076 /* OA03TouchEventTableViewController.m */ = {isa = PBXFileReference; fileEncoding = 4; lastKnownFileType = sourcecode.c.objc; path = OA03TouchEventTableViewController.m; sourceTree = "<group>"; };
		6DE61AEF1A3EA8F70035C076 /* OLHTouchEventTableViewCell.h */ = {isa = PBXFileReference; fileEncoding = 4; lastKnownFileType = sourcecode.c.h; path = OLHTouchEventTableViewCell.h; sourceTree = "<group>"; };
		6DE61AF01A3EA8F70035C076 /* OLHTouchEventTableViewCell.m */ = {isa = PBXFileReference; fileEncoding = 4; lastKnownFileType = sourcecode.c.objc; path = OLHTouchEventTableViewCell.m; sourceTree = "<group>"; };
		6DE61AF21A3EA9100035C076 /* OLHTextView.h */ = {isa = PBXFileReference; fileEncoding = 4; lastKnownFileType = sourcecode.c.h; path = OLHTextView.h; sourceTree = "<group>"; };
		6DE61AF31A3EA9100035C076 /* OLHTextView.m */ = {isa = PBXFileReference; fileEncoding = 4; lastKnownFileType = sourcecode.c.objc; path = OLHTextView.m; sourceTree = "<group>"; };
		6DE61AF51A3EBC340035C076 /* OLHTouchView.h */ = {isa = PBXFileReference; fileEncoding = 4; lastKnownFileType = sourcecode.c.h; path = OLHTouchView.h; sourceTree = "<group>"; };
		6DE61AF61A3EBC340035C076 /* OLHTouchView.m */ = {isa = PBXFileReference; fileEncoding = 4; lastKnownFileType = sourcecode.c.objc; path = OLHTouchView.m; sourceTree = "<group>"; };
		6DE967801A371D4300436817 /* iLihuxDailyAccumulatesInOC.app */ = {isa = PBXFileReference; explicitFileType = wrapper.application; includeInIndex = 0; path = iLihuxDailyAccumulatesInOC.app; sourceTree = BUILT_PRODUCTS_DIR; };
		6DE967841A371D4300436817 /* Info.plist */ = {isa = PBXFileReference; lastKnownFileType = text.plist.xml; path = Info.plist; sourceTree = "<group>"; };
		6DE967851A371D4300436817 /* main.m */ = {isa = PBXFileReference; lastKnownFileType = sourcecode.c.objc; path = main.m; sourceTree = "<group>"; };
		6DE967871A371D4300436817 /* AppDelegate.h */ = {isa = PBXFileReference; lastKnownFileType = sourcecode.c.h; path = AppDelegate.h; sourceTree = "<group>"; };
		6DE967881A371D4300436817 /* AppDelegate.m */ = {isa = PBXFileReference; lastKnownFileType = sourcecode.c.objc; path = AppDelegate.m; sourceTree = "<group>"; };
		6DE9678E1A371D4300436817 /* Base */ = {isa = PBXFileReference; lastKnownFileType = file.storyboard; name = Base; path = Base.lproj/Main.storyboard; sourceTree = "<group>"; };
		6DE967901A371D4300436817 /* Images.xcassets */ = {isa = PBXFileReference; lastKnownFileType = folder.assetcatalog; path = Images.xcassets; sourceTree = "<group>"; };
		6DE967931A371D4300436817 /* Base */ = {isa = PBXFileReference; lastKnownFileType = file.xib; name = Base; path = Base.lproj/LaunchScreen.xib; sourceTree = "<group>"; };
		6DE967991A371D4300436817 /* iLihuxDailyAccumulatesInOCTests.xctest */ = {isa = PBXFileReference; explicitFileType = wrapper.cfbundle; includeInIndex = 0; path = iLihuxDailyAccumulatesInOCTests.xctest; sourceTree = BUILT_PRODUCTS_DIR; };
		6DE9679E1A371D4300436817 /* Info.plist */ = {isa = PBXFileReference; lastKnownFileType = text.plist.xml; path = Info.plist; sourceTree = "<group>"; };
		6DE9679F1A371D4300436817 /* iLihuxDailyAccumulatesInOCTests.m */ = {isa = PBXFileReference; lastKnownFileType = sourcecode.c.objc; path = iLihuxDailyAccumulatesInOCTests.m; sourceTree = "<group>"; };
		6DE967D81A371FD900436817 /* OLHMasterTableViewController.h */ = {isa = PBXFileReference; fileEncoding = 4; lastKnownFileType = sourcecode.c.h; path = OLHMasterTableViewController.h; sourceTree = "<group>"; };
		6DE967D91A371FD900436817 /* OLHMasterTableViewController.m */ = {isa = PBXFileReference; fileEncoding = 4; lastKnownFileType = sourcecode.c.objc; path = OLHMasterTableViewController.m; sourceTree = "<group>"; };
		6DE967DB1A37211600436817 /* OAccumulates.plist */ = {isa = PBXFileReference; fileEncoding = 4; lastKnownFileType = text.plist.xml; name = OAccumulates.plist; path = accumulates/OAccumulates.plist; sourceTree = "<group>"; };
		9C0C8F351B55F522003FC977 /* OAAccumulateTableViewController.h */ = {isa = PBXFileReference; fileEncoding = 4; indentWidth = 4; lastKnownFileType = sourcecode.c.h; path = OAAccumulateTableViewController.h; sourceTree = "<group>"; tabWidth = 4; usesTabs = 0; wrapsLines = 1; };
		9C0C8F361B55F522003FC977 /* OAAccumulateTableViewController.m */ = {isa = PBXFileReference; fileEncoding = 4; indentWidth = 4; lastKnownFileType = sourcecode.c.objc; path = OAAccumulateTableViewController.m; sourceTree = "<group>"; tabWidth = 4; usesTabs = 0; wrapsLines = 1; };
		9C0C8F381B55FC50003FC977 /* OA11AllAnimationViewController.h */ = {isa = PBXFileReference; fileEncoding = 4; lastKnownFileType = sourcecode.c.h; path = OA11AllAnimationViewController.h; sourceTree = "<group>"; };
		9C0C8F391B55FC50003FC977 /* OA11AllAnimationViewController.m */ = {isa = PBXFileReference; fileEncoding = 4; lastKnownFileType = sourcecode.c.objc; path = OA11AllAnimationViewController.m; sourceTree = "<group>"; };
		9C0C8F3B1B5600CF003FC977 /* OA11TabbarTransitionViewController.h */ = {isa = PBXFileReference; fileEncoding = 4; lastKnownFileType = sourcecode.c.h; path = OA11TabbarTransitionViewController.h; sourceTree = "<group>"; };
		9C0C8F3C1B5600CF003FC977 /* OA11TabbarTransitionViewController.m */ = {isa = PBXFileReference; fileEncoding = 4; lastKnownFileType = sourcecode.c.objc; path = OA11TabbarTransitionViewController.m; sourceTree = "<group>"; };
		9C0C8F3F1B5607A7003FC977 /* OA11AnimatedTransitioningObject.h */ = {isa = PBXFileReference; fileEncoding = 4; lastKnownFileType = sourcecode.c.h; path = OA11AnimatedTransitioningObject.h; sourceTree = "<group>"; };
		9C0C8F401B5607A7003FC977 /* OA11AnimatedTransitioningObject.m */ = {isa = PBXFileReference; fileEncoding = 4; lastKnownFileType = sourcecode.c.objc; path = OA11AnimatedTransitioningObject.m; sourceTree = "<group>"; };
		9C621C061B555596002A0D3E /* Utilities.h */ = {isa = PBXFileReference; fileEncoding = 4; lastKnownFileType = sourcecode.c.h; name = Utilities.h; path = global/Utilities.h; sourceTree = "<group>"; };
		9C621C071B555596002A0D3E /* Utilities.m */ = {isa = PBXFileReference; fileEncoding = 4; lastKnownFileType = sourcecode.c.objc; name = Utilities.m; path = global/Utilities.m; sourceTree = "<group>"; };
		9C621C091B555853002A0D3E /* OAccumulate.h */ = {isa = PBXFileReference; fileEncoding = 4; lastKnownFileType = sourcecode.c.h; name = OAccumulate.h; path = global/OAccumulate.h; sourceTree = "<group>"; };
		9C621C0A1B555853002A0D3E /* OAccumulate.m */ = {isa = PBXFileReference; fileEncoding = 4; lastKnownFileType = sourcecode.c.objc; name = OAccumulate.m; path = global/OAccumulate.m; sourceTree = "<group>"; };
		9C621C0C1B555880002A0D3E /* OAccumulatesManager.h */ = {isa = PBXFileReference; fileEncoding = 4; lastKnownFileType = sourcecode.c.h; name = OAccumulatesManager.h; path = global/OAccumulatesManager.h; sourceTree = "<group>"; };
		9C621C0D1B555880002A0D3E /* OAccumulatesManager.m */ = {isa = PBXFileReference; fileEncoding = 4; lastKnownFileType = sourcecode.c.objc; name = OAccumulatesManager.m; path = global/OAccumulatesManager.m; sourceTree = "<group>"; };
		9CE78F391B69C3250029F562 /* OA12JSPatchViewController.h */ = {isa = PBXFileReference; fileEncoding = 4; lastKnownFileType = sourcecode.c.h; name = OA12JSPatchViewController.h; path = OA12/OA12JSPatchViewController.h; sourceTree = "<group>"; };
		9CE78F3A1B69C3250029F562 /* OA12JSPatchViewController.m */ = {isa = PBXFileReference; fileEncoding = 4; lastKnownFileType = sourcecode.c.objc; name = OA12JSPatchViewController.m; path = OA12/OA12JSPatchViewController.m; sourceTree = "<group>"; };
		9CE78F3C1B69C5660029F562 /* OA12.plist */ = {isa = PBXFileReference; fileEncoding = 4; lastKnownFileType = text.plist.xml; name = OA12.plist; path = OA12/OA12.plist; sourceTree = "<group>"; };
		9CE78F3E1B69C5B80029F562 /* OA12.storyboard */ = {isa = PBXFileReference; fileEncoding = 4; lastKnownFileType = file.storyboard; path = OA12.storyboard; sourceTree = "<group>"; };
		9CE78F411B69C6310029F562 /* OA12OCRuntimeBasicsViewController.h */ = {isa = PBXFileReference; fileEncoding = 4; lastKnownFileType = sourcecode.c.h; name = OA12OCRuntimeBasicsViewController.h; path = "OA12/OA12-1/OA12OCRuntimeBasicsViewController.h"; sourceTree = "<group>"; };
		9CE78F421B69C6310029F562 /* OA12OCRuntimeBasicsViewController.m */ = {isa = PBXFileReference; fileEncoding = 4; lastKnownFileType = sourcecode.c.objc; name = OA12OCRuntimeBasicsViewController.m; path = "OA12/OA12-1/OA12OCRuntimeBasicsViewController.m"; sourceTree = "<group>"; };
		9CE78F4B1B69CC040029F562 /* LHRoundCornerButton.h */ = {isa = PBXFileReference; fileEncoding = 4; lastKnownFileType = sourcecode.c.h; name = LHRoundCornerButton.h; path = global/UI/LHRoundCornerButton.h; sourceTree = "<group>"; };
		9CE78F4C1B69CC040029F562 /* LHRoundCornerButton.m */ = {isa = PBXFileReference; fileEncoding = 4; lastKnownFileType = sourcecode.c.objc; name = LHRoundCornerButton.m; path = global/UI/LHRoundCornerButton.m; sourceTree = "<group>"; };
		9CE78F4F1B6A14F70029F562 /* OA12JSPatchFromServerDemoViewController.h */ = {isa = PBXFileReference; fileEncoding = 4; lastKnownFileType = sourcecode.c.h; name = OA12JSPatchFromServerDemoViewController.h; path = "OA12/OA12-2/OA12JSPatchFromServerDemoViewController.h"; sourceTree = "<group>"; };
		9CE78F501B6A14F70029F562 /* OA12JSPatchFromServerDemoViewController.m */ = {isa = PBXFileReference; fileEncoding = 4; lastKnownFileType = sourcecode.c.objc; name = OA12JSPatchFromServerDemoViewController.m; path = "OA12/OA12-2/OA12JSPatchFromServerDemoViewController.m"; sourceTree = "<group>"; };
		9CE78F531B6A152C0029F562 /* JPEngine.h */ = {isa = PBXFileReference; fileEncoding = 4; lastKnownFileType = sourcecode.c.h; path = JPEngine.h; sourceTree = "<group>"; };
		9CE78F541B6A152C0029F562 /* JPEngine.m */ = {isa = PBXFileReference; fileEncoding = 4; lastKnownFileType = sourcecode.c.objc; path = JPEngine.m; sourceTree = "<group>"; };
		9CE78F551B6A152C0029F562 /* JSPatch.js */ = {isa = PBXFileReference; fileEncoding = 4; lastKnownFileType = sourcecode.javascript; path = JSPatch.js; sourceTree = "<group>"; };
		9CE78F581B6A18870029F562 /* MBHUDHelper.h */ = {isa = PBXFileReference; fileEncoding = 4; lastKnownFileType = sourcecode.c.h; name = MBHUDHelper.h; path = global/UI/MBHUDHelper.h; sourceTree = "<group>"; };
		9CE78F591B6A18870029F562 /* MBHUDHelper.m */ = {isa = PBXFileReference; fileEncoding = 4; lastKnownFileType = sourcecode.c.objc; name = MBHUDHelper.m; path = global/UI/MBHUDHelper.m; sourceTree = "<group>"; };
		9CE78F5A1B6A18870029F562 /* MBProgressHUD.h */ = {isa = PBXFileReference; fileEncoding = 4; lastKnownFileType = sourcecode.c.h; name = MBProgressHUD.h; path = global/UI/MBProgressHUD.h; sourceTree = "<group>"; };
		9CE78F5B1B6A18870029F562 /* MBProgressHUD.m */ = {isa = PBXFileReference; fileEncoding = 4; lastKnownFileType = sourcecode.c.objc; name = MBProgressHUD.m; path = global/UI/MBProgressHUD.m; sourceTree = "<group>"; };
		9CEA9E151B441E3500075C66 /* OA09NotificationViewController.h */ = {isa = PBXFileReference; fileEncoding = 4; lastKnownFileType = sourcecode.c.h; path = OA09NotificationViewController.h; sourceTree = "<group>"; };
		9CEA9E161B441E3500075C66 /* OA09NotificationViewController.m */ = {isa = PBXFileReference; fileEncoding = 4; lastKnownFileType = sourcecode.c.objc; path = OA09NotificationViewController.m; sourceTree = "<group>"; };
		9CECDCC51B58D04400291F45 /* OA11PullToRefreshViewController.h */ = {isa = PBXFileReference; fileEncoding = 4; lastKnownFileType = sourcecode.c.h; path = OA11PullToRefreshViewController.h; sourceTree = "<group>"; };
		9CECDCC61B58D04400291F45 /* OA11PullToRefreshViewController.m */ = {isa = PBXFileReference; fileEncoding = 4; lastKnownFileType = sourcecode.c.objc; path = OA11PullToRefreshViewController.m; sourceTree = "<group>"; };
		9CECDCC81B58DBDB00291F45 /* LHPullToRefreshView.h */ = {isa = PBXFileReference; fileEncoding = 4; lastKnownFileType = sourcecode.c.h; path = LHPullToRefreshView.h; sourceTree = "<group>"; };
		9CECDCC91B58DBDB00291F45 /* LHPullToRefreshView.m */ = {isa = PBXFileReference; fileEncoding = 4; lastKnownFileType = sourcecode.c.objc; path = LHPullToRefreshView.m; sourceTree = "<group>"; };
		9CEE0EAD1B64828D00DE66A6 /* SVPullToRefresh.h */ = {isa = PBXFileReference; fileEncoding = 4; lastKnownFileType = sourcecode.c.h; path = SVPullToRefresh.h; sourceTree = "<group>"; };
		9CEE0EAE1B64828D00DE66A6 /* UIScrollView+SVInfiniteScrolling.h */ = {isa = PBXFileReference; fileEncoding = 4; lastKnownFileType = sourcecode.c.h; path = "UIScrollView+SVInfiniteScrolling.h"; sourceTree = "<group>"; };
		9CEE0EAF1B64828D00DE66A6 /* UIScrollView+SVInfiniteScrolling.m */ = {isa = PBXFileReference; fileEncoding = 4; lastKnownFileType = sourcecode.c.objc; path = "UIScrollView+SVInfiniteScrolling.m"; sourceTree = "<group>"; };
		9CEE0EB01B64828D00DE66A6 /* UIScrollView+SVPullToRefresh.h */ = {isa = PBXFileReference; fileEncoding = 4; lastKnownFileType = sourcecode.c.h; path = "UIScrollView+SVPullToRefresh.h"; sourceTree = "<group>"; };
		9CEE0EB11B64828D00DE66A6 /* UIScrollView+SVPullToRefresh.m */ = {isa = PBXFileReference; fileEncoding = 4; lastKnownFileType = sourcecode.c.objc; path = "UIScrollView+SVPullToRefresh.m"; sourceTree = "<group>"; };
		9CEEBC4E1B61CF5B002D6F2C /* LHPullToRefreshContentView.h */ = {isa = PBXFileReference; fileEncoding = 4; lastKnownFileType = sourcecode.c.h; path = LHPullToRefreshContentView.h; sourceTree = "<group>"; };
		9CEEBC4F1B61CF5B002D6F2C /* LHPullToRefreshContentView.m */ = {isa = PBXFileReference; fileEncoding = 4; lastKnownFileType = sourcecode.c.objc; path = LHPullToRefreshContentView.m; sourceTree = "<group>"; };
		9CF2E7641B44D91D00CFA63F /* OA10SDWebImageViewController.h */ = {isa = PBXFileReference; fileEncoding = 4; lastKnownFileType = sourcecode.c.h; path = OA10SDWebImageViewController.h; sourceTree = "<group>"; };
		9CF2E7651B44D91D00CFA63F /* OA10SDWebImageViewController.m */ = {isa = PBXFileReference; fileEncoding = 4; lastKnownFileType = sourcecode.c.objc; path = OA10SDWebImageViewController.m; sourceTree = "<group>"; };
		9CF304041B5C897900FDD6C1 /* UIScrollView+LHPullToRefresh.h */ = {isa = PBXFileReference; fileEncoding = 4; lastKnownFileType = sourcecode.c.h; path = "UIScrollView+LHPullToRefresh.h"; sourceTree = "<group>"; };
		9CF304051B5C897900FDD6C1 /* UIScrollView+LHPullToRefresh.m */ = {isa = PBXFileReference; fileEncoding = 4; lastKnownFileType = sourcecode.c.objc; path = "UIScrollView+LHPullToRefresh.m"; sourceTree = "<group>"; };
		9CF72DF91B55DF9B00C2FFB5 /* OA11.storyboard */ = {isa = PBXFileReference; fileEncoding = 4; lastKnownFileType = file.storyboard; path = OA11.storyboard; sourceTree = "<group>"; };
		9CF72DFB1B55DFFF00C2FFB5 /* OA11.plist */ = {isa = PBXFileReference; fileEncoding = 4; lastKnownFileType = text.plist.xml; path = OA11.plist; sourceTree = "<group>"; };
/* End PBXFileReference section */

/* Begin PBXFrameworksBuildPhase section */
		6DE9677D1A371D4300436817 /* Frameworks */ = {
			isa = PBXFrameworksBuildPhase;
			buildActionMask = 2147483647;
			files = (
			);
			runOnlyForDeploymentPostprocessing = 0;
		};
		6DE967961A371D4300436817 /* Frameworks */ = {
			isa = PBXFrameworksBuildPhase;
			buildActionMask = 2147483647;
			files = (
			);
			runOnlyForDeploymentPostprocessing = 0;
		};
/* End PBXFrameworksBuildPhase section */

/* Begin PBXGroup section */
		6D5A83451A4A3CFE001DC86C /* OA02 */ = {
			isa = PBXGroup;
			children = (
			);
			path = OA02;
			sourceTree = "<group>";
		};
		6D5A83461A4A3CFE001DC86C /* OA03 */ = {
			isa = PBXGroup;
			children = (
			);
			path = OA03;
			sourceTree = "<group>";
		};
		6D5A834A1A4A3CFE001DC86C /* OA05 */ = {
			isa = PBXGroup;
			children = (
				6D8B63201A5E0F9A00735E2E /* OA05GCDViewController.h */,
				6D8B63211A5E0F9A00735E2E /* OA05GCDViewController.m */,
				6DBC0B3E1A61477900A17904 /* OA05CustomOperation.h */,
				6DBC0B3F1A61477900A17904 /* OA05CustomOperation.m */,
				6DA68D1C1A5FB989009384A9 /* OA05GCD.plist */,
				6DBC0B391A6134D700A17904 /* OA05Text.plist */,
				6DA68D1E1A5FBFAE009384A9 /* OA05TableViewCell.h */,
				6DA68D1F1A5FBFAE009384A9 /* OA05TableViewCell.m */,
				6D3C05791A60C85600491D31 /* OA05Task.h */,
				6D3C057A1A60C85600491D31 /* OA05Task.m */,
			);
			path = OA05;
			sourceTree = "<group>";
		};
		6D5A834B1A4A3CFE001DC86C /* OA06 */ = {
			isa = PBXGroup;
			children = (
				6D7AEFF91A63568100ACBD85 /* OA06EventViewController.h */,
				6D7AEFFA1A63568100ACBD85 /* OA06EventViewController.m */,
				6D9901211A64A78F009A57AF /* OA06TouchLogView.h */,
				6D9901221A64A78F009A57AF /* OA06TouchLogView.m */,
				6D8FEC341A65FEE000F23585 /* OA06ChildViewViewController.h */,
				6D8FEC351A65FEE000F23585 /* OA06ChildViewViewController.m */,
			);
			path = OA06;
			sourceTree = "<group>";
		};
		6D5A834C1A4A3CFE001DC86C /* OA07 */ = {
			isa = PBXGroup;
			children = (
				6D31B4F71A6CD2860011E6C0 /* OA07CoreAnimationViewController.h */,
				6D31B4F81A6CD2860011E6C0 /* OA07CoreAnimationViewController.m */,
				6D31B4FD1A6CD4640011E6C0 /* OA07View.h */,
				6D31B4FE1A6CD4640011E6C0 /* OA07View.m */,
				6D31B5001A6CD4880011E6C0 /* OA07Layer.h */,
				6D31B5011A6CD4880011E6C0 /* OA07Layer.m */,
				6D31B5031A6CD4B00011E6C0 /* OA07ShapeLayer.h */,
				6D31B5041A6CD4B00011E6C0 /* OA07ShapeLayer.m */,
				6D31B5061A6CD4D00011E6C0 /* OA07BasicAnimation.h */,
				6D31B5071A6CD4D00011E6C0 /* OA07BasicAnimation.m */,
			);
			path = OA07;
			sourceTree = "<group>";
		};
		6D5A834D1A4A3CFE001DC86C /* OA08 */ = {
			isa = PBXGroup;
			children = (
				6DB068071A7140BD0029C8E6 /* OA08LayerAnimationViewController.h */,
				6DB068081A7140BD0029C8E6 /* OA08LayerAnimationViewController.m */,
				6DB0680A1A7140F90029C8E6 /* OA08AlbumImageView.h */,
				6DB0680B1A7140F90029C8E6 /* OA08AlbumImageView.m */,
			);
			path = OA08;
			sourceTree = "<group>";
		};
		6D5A834E1A4A3CFE001DC86C /* OA09 */ = {
			isa = PBXGroup;
			children = (
				9CEA9E151B441E3500075C66 /* OA09NotificationViewController.h */,
				9CEA9E161B441E3500075C66 /* OA09NotificationViewController.m */,
			);
			path = OA09;
			sourceTree = "<group>";
		};
		6D5A834F1A4A3CFE001DC86C /* OA10 */ = {
			isa = PBXGroup;
			children = (
				9CF2E7641B44D91D00CFA63F /* OA10SDWebImageViewController.h */,
				9CF2E7651B44D91D00CFA63F /* OA10SDWebImageViewController.m */,
			);
			path = OA10;
			sourceTree = "<group>";
		};
		6D5A83501A4A3CFE001DC86C /* OA11 */ = {
			isa = PBXGroup;
			children = (
				9CF7513E1B5790ED00AC0BFA /* OA11-6 */,
				9C0C8F3E1B5600F9003FC977 /* OA11-1 */,
				9CF72DFB1B55DFFF00C2FFB5 /* OA11.plist */,
				9CF72DF91B55DF9B00C2FFB5 /* OA11.storyboard */,
				9C0C8F381B55FC50003FC977 /* OA11AllAnimationViewController.h */,
				9C0C8F391B55FC50003FC977 /* OA11AllAnimationViewController.m */,
			);
			path = OA11;
			sourceTree = "<group>";
		};
		6D5A83521A4A3D79001DC86C /* OA04 */ = {
			isa = PBXGroup;
			children = (
				6D5A83531A4A3D86001DC86C /* OA04ArchiveViewController.h */,
				6D5A83541A4A3D86001DC86C /* OA04ArchiveViewController.m */,
				6D5A83561A4A3DAD001DC86C /* OA04ArchivedObject.h */,
				6D5A83571A4A3DAD001DC86C /* OA04ArchivedObject.m */,
			);
			path = OA04;
			sourceTree = "<group>";
		};
		6D8BAA741A37C9F700CDBA33 /* A001 */ = {
			isa = PBXGroup;
			children = (
				6D8BAA751A37C9F700CDBA33 /* OA01InputConstraintViewController.h */,
				6D8BAA761A37C9F700CDBA33 /* OA01InputConstraintViewController.m */,
				6D8BAA851A38166900CDBA33 /* OLHView.h */,
				6D8BAA861A38166900CDBA33 /* OLHView.m */,
			);
			path = A001;
			sourceTree = "<group>";
		};
		6D8BAA771A37C9F700CDBA33 /* A002 */ = {
			isa = PBXGroup;
			children = (
				6DE61ADF1A3E64FA0035C076 /* OA02KVCViewController.h */,
				6DE61AE01A3E64FA0035C076 /* OA02KVCViewController.m */,
				6DE61AE21A3E6E190035C076 /* OLHKVCPeople.h */,
				6DE61AE31A3E6E190035C076 /* OLHKVCPeople.m */,
				6DE61AE51A3E6E270035C076 /* OLHKVCAddress.h */,
				6DE61AE61A3E6E270035C076 /* OLHKVCAddress.m */,
			);
			path = A002;
			sourceTree = "<group>";
		};
		6D8BAA781A37C9F700CDBA33 /* A003 */ = {
			isa = PBXGroup;
			children = (
				6DE61AEC1A3EA8C70035C076 /* OA03TouchEventTableViewController.h */,
				6DE61AED1A3EA8C70035C076 /* OA03TouchEventTableViewController.m */,
				6DE61AEF1A3EA8F70035C076 /* OLHTouchEventTableViewCell.h */,
				6DE61AF01A3EA8F70035C076 /* OLHTouchEventTableViewCell.m */,
				6DE61AF21A3EA9100035C076 /* OLHTextView.h */,
				6DE61AF31A3EA9100035C076 /* OLHTextView.m */,
				6DE61AF51A3EBC340035C076 /* OLHTouchView.h */,
				6DE61AF61A3EBC340035C076 /* OLHTouchView.m */,
			);
			path = A003;
			sourceTree = "<group>";
		};
		6DE967771A371D4300436817 = {
			isa = PBXGroup;
			children = (
				6DE967821A371D4300436817 /* iLihuxDailyAccumulatesInOC */,
				6DE9679C1A371D4300436817 /* iLihuxDailyAccumulatesInOCTests */,
				6DE967811A371D4300436817 /* Products */,
			);
			sourceTree = "<group>";
		};
		6DE967811A371D4300436817 /* Products */ = {
			isa = PBXGroup;
			children = (
				6DE967801A371D4300436817 /* iLihuxDailyAccumulatesInOC.app */,
				6DE967991A371D4300436817 /* iLihuxDailyAccumulatesInOCTests.xctest */,
			);
			name = Products;
			sourceTree = "<group>";
		};
		6DE967821A371D4300436817 /* iLihuxDailyAccumulatesInOC */ = {
			isa = PBXGroup;
			children = (
				9C621C051B55550E002A0D3E /* global */,
				6DE967D81A371FD900436817 /* OLHMasterTableViewController.h */,
				6DE967D91A371FD900436817 /* OLHMasterTableViewController.m */,
				6DE967DB1A37211600436817 /* OAccumulates.plist */,
				6DE967D71A371FAD00436817 /* accumulates */,
				6DE967871A371D4300436817 /* AppDelegate.h */,
				6DE967881A371D4300436817 /* AppDelegate.m */,
				6DE9678D1A371D4300436817 /* Main.storyboard */,
				6DE967901A371D4300436817 /* Images.xcassets */,
				6DE967921A371D4300436817 /* LaunchScreen.xib */,
				6DE967831A371D4300436817 /* Supporting Files */,
			);
			path = iLihuxDailyAccumulatesInOC;
			sourceTree = "<group>";
		};
		6DE967831A371D4300436817 /* Supporting Files */ = {
			isa = PBXGroup;
			children = (
				6DE967841A371D4300436817 /* Info.plist */,
				6DE967851A371D4300436817 /* main.m */,
			);
			name = "Supporting Files";
			sourceTree = "<group>";
		};
		6DE9679C1A371D4300436817 /* iLihuxDailyAccumulatesInOCTests */ = {
			isa = PBXGroup;
			children = (
				6DE9679F1A371D4300436817 /* iLihuxDailyAccumulatesInOCTests.m */,
				6DE9679D1A371D4300436817 /* Supporting Files */,
			);
			path = iLihuxDailyAccumulatesInOCTests;
			sourceTree = "<group>";
		};
		6DE9679D1A371D4300436817 /* Supporting Files */ = {
			isa = PBXGroup;
			children = (
				6DE9679E1A371D4300436817 /* Info.plist */,
			);
			name = "Supporting Files";
			sourceTree = "<group>";
		};
		6DE967D71A371FAD00436817 /* accumulates */ = {
			isa = PBXGroup;
			children = (
				6D5A83521A4A3D79001DC86C /* OA04 */,
				6D5A83451A4A3CFE001DC86C /* OA02 */,
				6D5A83461A4A3CFE001DC86C /* OA03 */,
				6D5A834A1A4A3CFE001DC86C /* OA05 */,
				6D5A834B1A4A3CFE001DC86C /* OA06 */,
				6D5A834C1A4A3CFE001DC86C /* OA07 */,
				6D5A834D1A4A3CFE001DC86C /* OA08 */,
				6D5A834E1A4A3CFE001DC86C /* OA09 */,
				6D5A834F1A4A3CFE001DC86C /* OA10 */,
				6D5A83501A4A3CFE001DC86C /* OA11 */,
				9CE78F381B69C2D20029F562 /* OA12 */,
				6D8BAA741A37C9F700CDBA33 /* A001 */,
				6D8BAA771A37C9F700CDBA33 /* A002 */,
				6D8BAA781A37C9F700CDBA33 /* A003 */,
			);
			path = accumulates;
			sourceTree = "<group>";
		};
		9C0C8F3E1B5600F9003FC977 /* OA11-1 */ = {
			isa = PBXGroup;
			children = (
				9C0C8F3B1B5600CF003FC977 /* OA11TabbarTransitionViewController.h */,
				9C0C8F3C1B5600CF003FC977 /* OA11TabbarTransitionViewController.m */,
				9C0C8F3F1B5607A7003FC977 /* OA11AnimatedTransitioningObject.h */,
				9C0C8F401B5607A7003FC977 /* OA11AnimatedTransitioningObject.m */,
			);
			name = "OA11-1";
			sourceTree = "<group>";
		};
		9C621C051B55550E002A0D3E /* global */ = {
			isa = PBXGroup;
			children = (
				9CE78F441B69CBB50029F562 /* UI */,
				9C0C8F351B55F522003FC977 /* OAAccumulateTableViewController.h */,
				9C0C8F361B55F522003FC977 /* OAAccumulateTableViewController.m */,
				9C621C091B555853002A0D3E /* OAccumulate.h */,
				9C621C0A1B555853002A0D3E /* OAccumulate.m */,
				9C621C061B555596002A0D3E /* Utilities.h */,
				9C621C071B555596002A0D3E /* Utilities.m */,
				9C621C0C1B555880002A0D3E /* OAccumulatesManager.h */,
				9C621C0D1B555880002A0D3E /* OAccumulatesManager.m */,
			);
			name = global;
			sourceTree = "<group>";
		};
		9CE78F381B69C2D20029F562 /* OA12 */ = {
			isa = PBXGroup;
			children = (
				9CE78F4E1B6A14AC0029F562 /* OA12-2 */,
				9CE78F401B69C5E70029F562 /* OA12-1 */,
				9CE78F391B69C3250029F562 /* OA12JSPatchViewController.h */,
				9CE78F3A1B69C3250029F562 /* OA12JSPatchViewController.m */,
				9CE78F3C1B69C5660029F562 /* OA12.plist */,
				9CE78F3E1B69C5B80029F562 /* OA12.storyboard */,
			);
			name = OA12;
			sourceTree = "<group>";
		};
		9CE78F401B69C5E70029F562 /* OA12-1 */ = {
			isa = PBXGroup;
			children = (
				9CE78F411B69C6310029F562 /* OA12OCRuntimeBasicsViewController.h */,
				9CE78F421B69C6310029F562 /* OA12OCRuntimeBasicsViewController.m */,
			);
			name = "OA12-1";
			sourceTree = "<group>";
		};
		9CE78F441B69CBB50029F562 /* UI */ = {
			isa = PBXGroup;
			children = (
				9CE78F581B6A18870029F562 /* MBHUDHelper.h */,
				9CE78F591B6A18870029F562 /* MBHUDHelper.m */,
				9CE78F5A1B6A18870029F562 /* MBProgressHUD.h */,
				9CE78F5B1B6A18870029F562 /* MBProgressHUD.m */,
				9CE78F4B1B69CC040029F562 /* LHRoundCornerButton.h */,
				9CE78F4C1B69CC040029F562 /* LHRoundCornerButton.m */,
			);
			name = UI;
			sourceTree = "<group>";
		};
		9CE78F4E1B6A14AC0029F562 /* OA12-2 */ = {
			isa = PBXGroup;
			children = (
				9CE78F521B6A152C0029F562 /* JSPatch */,
				9CE78F4F1B6A14F70029F562 /* OA12JSPatchFromServerDemoViewController.h */,
				9CE78F501B6A14F70029F562 /* OA12JSPatchFromServerDemoViewController.m */,
			);
			name = "OA12-2";
			sourceTree = "<group>";
		};
		9CE78F521B6A152C0029F562 /* JSPatch */ = {
			isa = PBXGroup;
			children = (
				9CE78F531B6A152C0029F562 /* JPEngine.h */,
				9CE78F541B6A152C0029F562 /* JPEngine.m */,
				9CE78F551B6A152C0029F562 /* JSPatch.js */,
			);
			name = JSPatch;
			path = "OA12/OA12-2/JSPatch";
			sourceTree = "<group>";
		};
		9CEE0EAC1B64828D00DE66A6 /* SVPullToRefresh */ = {
			isa = PBXGroup;
			children = (
				9CEE0EAD1B64828D00DE66A6 /* SVPullToRefresh.h */,
				9CEE0EAE1B64828D00DE66A6 /* UIScrollView+SVInfiniteScrolling.h */,
				9CEE0EAF1B64828D00DE66A6 /* UIScrollView+SVInfiniteScrolling.m */,
				9CEE0EB01B64828D00DE66A6 /* UIScrollView+SVPullToRefresh.h */,
				9CEE0EB11B64828D00DE66A6 /* UIScrollView+SVPullToRefresh.m */,
			);
			path = SVPullToRefresh;
			sourceTree = "<group>";
		};
		9CF7513E1B5790ED00AC0BFA /* OA11-6 */ = {
			isa = PBXGroup;
			children = (
				9CEE0EAC1B64828D00DE66A6 /* SVPullToRefresh */,
				9CECDCC51B58D04400291F45 /* OA11PullToRefreshViewController.h */,
				9CECDCC61B58D04400291F45 /* OA11PullToRefreshViewController.m */,
				9CECDCC81B58DBDB00291F45 /* LHPullToRefreshView.h */,
				9CECDCC91B58DBDB00291F45 /* LHPullToRefreshView.m */,
				9CEEBC4E1B61CF5B002D6F2C /* LHPullToRefreshContentView.h */,
				9CEEBC4F1B61CF5B002D6F2C /* LHPullToRefreshContentView.m */,
				9CF304041B5C897900FDD6C1 /* UIScrollView+LHPullToRefresh.h */,
				9CF304051B5C897900FDD6C1 /* UIScrollView+LHPullToRefresh.m */,
			);
			name = "OA11-6";
			sourceTree = "<group>";
		};
/* End PBXGroup section */

/* Begin PBXNativeTarget section */
		6DE9677F1A371D4300436817 /* iLihuxDailyAccumulatesInOC */ = {
			isa = PBXNativeTarget;
			buildConfigurationList = 6DE967A31A371D4300436817 /* Build configuration list for PBXNativeTarget "iLihuxDailyAccumulatesInOC" */;
			buildPhases = (
				6DE9677C1A371D4300436817 /* Sources */,
				6DE9677D1A371D4300436817 /* Frameworks */,
				6DE9677E1A371D4300436817 /* Resources */,
			);
			buildRules = (
			);
			dependencies = (
			);
			name = iLihuxDailyAccumulatesInOC;
			productName = iLihuxDailyAccumulatesInOC;
			productReference = 6DE967801A371D4300436817 /* iLihuxDailyAccumulatesInOC.app */;
			productType = "com.apple.product-type.application";
		};
		6DE967981A371D4300436817 /* iLihuxDailyAccumulatesInOCTests */ = {
			isa = PBXNativeTarget;
			buildConfigurationList = 6DE967A61A371D4300436817 /* Build configuration list for PBXNativeTarget "iLihuxDailyAccumulatesInOCTests" */;
			buildPhases = (
				6DE967951A371D4300436817 /* Sources */,
				6DE967961A371D4300436817 /* Frameworks */,
				6DE967971A371D4300436817 /* Resources */,
			);
			buildRules = (
			);
			dependencies = (
				6DE9679B1A371D4300436817 /* PBXTargetDependency */,
			);
			name = iLihuxDailyAccumulatesInOCTests;
			productName = iLihuxDailyAccumulatesInOCTests;
			productReference = 6DE967991A371D4300436817 /* iLihuxDailyAccumulatesInOCTests.xctest */;
			productType = "com.apple.product-type.bundle.unit-test";
		};
/* End PBXNativeTarget section */

/* Begin PBXProject section */
		6DE967781A371D4300436817 /* Project object */ = {
			isa = PBXProject;
			attributes = {
				LastUpgradeCheck = 0700;
				ORGANIZATIONNAME = lihux;
				TargetAttributes = {
					6DE9677F1A371D4300436817 = {
						CreatedOnToolsVersion = 6.1.1;
					};
					6DE967981A371D4300436817 = {
						CreatedOnToolsVersion = 6.1.1;
						TestTargetID = 6DE9677F1A371D4300436817;
					};
				};
			};
			buildConfigurationList = 6DE9677B1A371D4300436817 /* Build configuration list for PBXProject "iLihuxDailyAccumulatesInOC" */;
			compatibilityVersion = "Xcode 3.2";
			developmentRegion = English;
			hasScannedForEncodings = 0;
			knownRegions = (
				en,
				Base,
			);
			mainGroup = 6DE967771A371D4300436817;
			productRefGroup = 6DE967811A371D4300436817 /* Products */;
			projectDirPath = "";
			projectRoot = "";
			targets = (
				6DE9677F1A371D4300436817 /* iLihuxDailyAccumulatesInOC */,
				6DE967981A371D4300436817 /* iLihuxDailyAccumulatesInOCTests */,
			);
		};
/* End PBXProject section */

/* Begin PBXResourcesBuildPhase section */
		6DE9677E1A371D4300436817 /* Resources */ = {
			isa = PBXResourcesBuildPhase;
			buildActionMask = 2147483647;
			files = (
				6DBC0B3A1A6134D700A17904 /* OA05Text.plist in Resources */,
				6DA68D1D1A5FB989009384A9 /* OA05GCD.plist in Resources */,
				6DE9678F1A371D4300436817 /* Main.storyboard in Resources */,
				6DE967941A371D4300436817 /* LaunchScreen.xib in Resources */,
				6DE967DC1A37211600436817 /* OAccumulates.plist in Resources */,
				6DE967911A371D4300436817 /* Images.xcassets in Resources */,
				9CF72DFC1B55DFFF00C2FFB5 /* OA11.plist in Resources */,
				9CF72DFA1B55DF9B00C2FFB5 /* OA11.storyboard in Resources */,
				9CE78F571B6A152C0029F562 /* JSPatch.js in Resources */,
				9CE78F3D1B69C5660029F562 /* OA12.plist in Resources */,
				9CE78F3F1B69C5B80029F562 /* OA12.storyboard in Resources */,
			);
			runOnlyForDeploymentPostprocessing = 0;
		};
		6DE967971A371D4300436817 /* Resources */ = {
			isa = PBXResourcesBuildPhase;
			buildActionMask = 2147483647;
			files = (
			);
			runOnlyForDeploymentPostprocessing = 0;
		};
/* End PBXResourcesBuildPhase section */

/* Begin PBXSourcesBuildPhase section */
		6DE9677C1A371D4300436817 /* Sources */ = {
			isa = PBXSourcesBuildPhase;
			buildActionMask = 2147483647;
			files = (
				6DE967891A371D4300436817 /* AppDelegate.m in Sources */,
				9CECDCCA1B58DBDB00291F45 /* LHPullToRefreshView.m in Sources */,
				9CE78F4D1B69CC040029F562 /* LHRoundCornerButton.m in Sources */,
				6D31B5021A6CD4880011E6C0 /* OA07Layer.m in Sources */,
				9CE78F431B69C6310029F562 /* OA12OCRuntimeBasicsViewController.m in Sources */,
				9CE78F5C1B6A18870029F562 /* MBHUDHelper.m in Sources */,
				9CEEBC501B61CF5B002D6F2C /* LHPullToRefreshContentView.m in Sources */,
				6D31B5051A6CD4B00011E6C0 /* OA07ShapeLayer.m in Sources */,
				6D3C057B1A60C85600491D31 /* OA05Task.m in Sources */,
				6DE61AEE1A3EA8C70035C076 /* OA03TouchEventTableViewController.m in Sources */,
				9C0C8F411B5607A7003FC977 /* OA11AnimatedTransitioningObject.m in Sources */,
				9CECDCC71B58D04400291F45 /* OA11PullToRefreshViewController.m in Sources */,
				9CE78F3B1B69C3250029F562 /* OA12JSPatchViewController.m in Sources */,
				6DA68D201A5FBFAE009384A9 /* OA05TableViewCell.m in Sources */,
				9C621C081B555596002A0D3E /* Utilities.m in Sources */,
				6DBC0B401A61477900A17904 /* OA05CustomOperation.m in Sources */,
				9CEE0EB31B64828D00DE66A6 /* UIScrollView+SVPullToRefresh.m in Sources */,
				9CE78F5D1B6A18870029F562 /* MBProgressHUD.m in Sources */,
				6DE61AF71A3EBC340035C076 /* OLHTouchView.m in Sources */,
				6D31B5081A6CD4D00011E6C0 /* OA07BasicAnimation.m in Sources */,
				6DE967DA1A371FD900436817 /* OLHMasterTableViewController.m in Sources */,
				6D8B63221A5E0F9A00735E2E /* OA05GCDViewController.m in Sources */,
				6D8FEC361A65FEE000F23585 /* OA06ChildViewViewController.m in Sources */,
				9CE78F561B6A152C0029F562 /* JPEngine.m in Sources */,
				6DB068091A7140BD0029C8E6 /* OA08LayerAnimationViewController.m in Sources */,
				9CEA9E171B441E3500075C66 /* OA09NotificationViewController.m in Sources */,
				6DE967861A371D4300436817 /* main.m in Sources */,
				6D31B4F91A6CD2860011E6C0 /* OA07CoreAnimationViewController.m in Sources */,
				9CF2E7661B44D91D00CFA63F /* OA10SDWebImageViewController.m in Sources */,
				6D9901231A64A78F009A57AF /* OA06TouchLogView.m in Sources */,
				6DE61AF11A3EA8F70035C076 /* OLHTouchEventTableViewCell.m in Sources */,
				9CF304061B5C897900FDD6C1 /* UIScrollView+LHPullToRefresh.m in Sources */,
				9C0C8F3A1B55FC50003FC977 /* OA11AllAnimationViewController.m in Sources */,
				9CEE0EB21B64828D00DE66A6 /* UIScrollView+SVInfiniteScrolling.m in Sources */,
				6D7AEFFB1A63568100ACBD85 /* OA06EventViewController.m in Sources */,
				9CE78F511B6A14F70029F562 /* OA12JSPatchFromServerDemoViewController.m in Sources */,
				6D5A83551A4A3D86001DC86C /* OA04ArchiveViewController.m in Sources */,
				6DE61AE11A3E64FA0035C076 /* OA02KVCViewController.m in Sources */,
				6DE61AE41A3E6E190035C076 /* OLHKVCPeople.m in Sources */,
				9C621C0E1B555880002A0D3E /* OAccumulatesManager.m in Sources */,
				6DB0680C1A7140F90029C8E6 /* OA08AlbumImageView.m in Sources */,
				9C0C8F3D1B5600CF003FC977 /* OA11TabbarTransitionViewController.m in Sources */,
				6D8BAA791A37C9F700CDBA33 /* OA01InputConstraintViewController.m in Sources */,
				6D5A83581A4A3DAD001DC86C /* OA04ArchivedObject.m in Sources */,
				9C0C8F371B55F522003FC977 /* OAAccumulateTableViewController.m in Sources */,
				6DE61AF41A3EA9100035C076 /* OLHTextView.m in Sources */,
				6D8BAA871A38166900CDBA33 /* OLHView.m in Sources */,
				6DE61AE71A3E6E270035C076 /* OLHKVCAddress.m in Sources */,
				6D31B4FF1A6CD4640011E6C0 /* OA07View.m in Sources */,
				9C621C0B1B555853002A0D3E /* OAccumulate.m in Sources */,
			);
			runOnlyForDeploymentPostprocessing = 0;
		};
		6DE967951A371D4300436817 /* Sources */ = {
			isa = PBXSourcesBuildPhase;
			buildActionMask = 2147483647;
			files = (
				6DE967A01A371D4300436817 /* iLihuxDailyAccumulatesInOCTests.m in Sources */,
			);
			runOnlyForDeploymentPostprocessing = 0;
		};
/* End PBXSourcesBuildPhase section */

/* Begin PBXTargetDependency section */
		6DE9679B1A371D4300436817 /* PBXTargetDependency */ = {
			isa = PBXTargetDependency;
			target = 6DE9677F1A371D4300436817 /* iLihuxDailyAccumulatesInOC */;
			targetProxy = 6DE9679A1A371D4300436817 /* PBXContainerItemProxy */;
		};
/* End PBXTargetDependency section */

/* Begin PBXVariantGroup section */
		6DE9678D1A371D4300436817 /* Main.storyboard */ = {
			isa = PBXVariantGroup;
			children = (
				6DE9678E1A371D4300436817 /* Base */,
			);
			name = Main.storyboard;
			sourceTree = "<group>";
		};
		6DE967921A371D4300436817 /* LaunchScreen.xib */ = {
			isa = PBXVariantGroup;
			children = (
				6DE967931A371D4300436817 /* Base */,
			);
			name = LaunchScreen.xib;
			sourceTree = "<group>";
		};
/* End PBXVariantGroup section */

/* Begin XCBuildConfiguration section */
		6DE967A11A371D4300436817 /* Debug */ = {
			isa = XCBuildConfiguration;
			buildSettings = {
				ALWAYS_SEARCH_USER_PATHS = NO;
				CLANG_CXX_LANGUAGE_STANDARD = "gnu++0x";
				CLANG_CXX_LIBRARY = "libc++";
				CLANG_ENABLE_MODULES = YES;
				CLANG_ENABLE_OBJC_ARC = YES;
				CLANG_WARN_BOOL_CONVERSION = YES;
				CLANG_WARN_CONSTANT_CONVERSION = YES;
				CLANG_WARN_DIRECT_OBJC_ISA_USAGE = YES_ERROR;
				CLANG_WARN_EMPTY_BODY = YES;
				CLANG_WARN_ENUM_CONVERSION = YES;
				CLANG_WARN_INT_CONVERSION = YES;
				CLANG_WARN_OBJC_ROOT_CLASS = YES_ERROR;
				CLANG_WARN_UNREACHABLE_CODE = YES;
				CLANG_WARN__DUPLICATE_METHOD_MATCH = YES;
				"CODE_SIGN_IDENTITY[sdk=iphoneos*]" = "iPhone Developer";
				COPY_PHASE_STRIP = NO;
				ENABLE_STRICT_OBJC_MSGSEND = YES;
				ENABLE_TESTABILITY = YES;
				GCC_C_LANGUAGE_STANDARD = gnu99;
				GCC_DYNAMIC_NO_PIC = NO;
				GCC_OPTIMIZATION_LEVEL = 0;
				GCC_PREPROCESSOR_DEFINITIONS = (
					"DEBUG=1",
					"$(inherited)",
				);
				GCC_SYMBOLS_PRIVATE_EXTERN = NO;
				GCC_WARN_64_TO_32_BIT_CONVERSION = YES;
				GCC_WARN_ABOUT_RETURN_TYPE = YES_ERROR;
				GCC_WARN_UNDECLARED_SELECTOR = YES;
				GCC_WARN_UNINITIALIZED_AUTOS = YES_AGGRESSIVE;
				GCC_WARN_UNUSED_FUNCTION = YES;
				GCC_WARN_UNUSED_VARIABLE = YES;
				IPHONEOS_DEPLOYMENT_TARGET = 7.0;
				MTL_ENABLE_DEBUG_INFO = YES;
				ONLY_ACTIVE_ARCH = YES;
				SDKROOT = iphoneos;
			};
			name = Debug;
		};
		6DE967A21A371D4300436817 /* Release */ = {
			isa = XCBuildConfiguration;
			buildSettings = {
				ALWAYS_SEARCH_USER_PATHS = NO;
				CLANG_CXX_LANGUAGE_STANDARD = "gnu++0x";
				CLANG_CXX_LIBRARY = "libc++";
				CLANG_ENABLE_MODULES = YES;
				CLANG_ENABLE_OBJC_ARC = YES;
				CLANG_WARN_BOOL_CONVERSION = YES;
				CLANG_WARN_CONSTANT_CONVERSION = YES;
				CLANG_WARN_DIRECT_OBJC_ISA_USAGE = YES_ERROR;
				CLANG_WARN_EMPTY_BODY = YES;
				CLANG_WARN_ENUM_CONVERSION = YES;
				CLANG_WARN_INT_CONVERSION = YES;
				CLANG_WARN_OBJC_ROOT_CLASS = YES_ERROR;
				CLANG_WARN_UNREACHABLE_CODE = YES;
				CLANG_WARN__DUPLICATE_METHOD_MATCH = YES;
				"CODE_SIGN_IDENTITY[sdk=iphoneos*]" = "iPhone Developer";
				COPY_PHASE_STRIP = YES;
				ENABLE_NS_ASSERTIONS = NO;
				ENABLE_STRICT_OBJC_MSGSEND = YES;
				GCC_C_LANGUAGE_STANDARD = gnu99;
				GCC_WARN_64_TO_32_BIT_CONVERSION = YES;
				GCC_WARN_ABOUT_RETURN_TYPE = YES_ERROR;
				GCC_WARN_UNDECLARED_SELECTOR = YES;
				GCC_WARN_UNINITIALIZED_AUTOS = YES_AGGRESSIVE;
				GCC_WARN_UNUSED_FUNCTION = YES;
				GCC_WARN_UNUSED_VARIABLE = YES;
				IPHONEOS_DEPLOYMENT_TARGET = 7.0;
				MTL_ENABLE_DEBUG_INFO = NO;
				SDKROOT = iphoneos;
				VALIDATE_PRODUCT = YES;
			};
			name = Release;
		};
		6DE967A41A371D4300436817 /* Debug */ = {
			isa = XCBuildConfiguration;
			buildSettings = {
				ASSETCATALOG_COMPILER_APPICON_NAME = AppIcon;
				INFOPLIST_FILE = iLihuxDailyAccumulatesInOC/Info.plist;
				LD_RUNPATH_SEARCH_PATHS = "$(inherited) @executable_path/Frameworks";
				PRODUCT_BUNDLE_IDENTIFIER = "lihux.$(PRODUCT_NAME:rfc1034identifier)";
				PRODUCT_NAME = "$(TARGET_NAME)";
			};
			name = Debug;
		};
		6DE967A51A371D4300436817 /* Release */ = {
			isa = XCBuildConfiguration;
			buildSettings = {
				ASSETCATALOG_COMPILER_APPICON_NAME = AppIcon;
				INFOPLIST_FILE = iLihuxDailyAccumulatesInOC/Info.plist;
				LD_RUNPATH_SEARCH_PATHS = "$(inherited) @executable_path/Frameworks";
				PRODUCT_BUNDLE_IDENTIFIER = "lihux.$(PRODUCT_NAME:rfc1034identifier)";
				PRODUCT_NAME = "$(TARGET_NAME)";
			};
			name = Release;
		};
		6DE967A71A371D4300436817 /* Debug */ = {
			isa = XCBuildConfiguration;
			buildSettings = {
				BUNDLE_LOADER = "$(TEST_HOST)";
				FRAMEWORK_SEARCH_PATHS = (
					"$(SDKROOT)/Developer/Library/Frameworks",
					"$(inherited)",
				);
				GCC_PREPROCESSOR_DEFINITIONS = (
					"DEBUG=1",
					"$(inherited)",
				);
				INFOPLIST_FILE = iLihuxDailyAccumulatesInOCTests/Info.plist;
				LD_RUNPATH_SEARCH_PATHS = "$(inherited) @executable_path/Frameworks @loader_path/Frameworks";
				PRODUCT_BUNDLE_IDENTIFIER = "lihux.$(PRODUCT_NAME:rfc1034identifier)";
				PRODUCT_NAME = "$(TARGET_NAME)";
				TEST_HOST = "$(BUILT_PRODUCTS_DIR)/iLihuxDailyAccumulatesInOC.app/iLihuxDailyAccumulatesInOC";
			};
			name = Debug;
		};
		6DE967A81A371D4300436817 /* Release */ = {
			isa = XCBuildConfiguration;
			buildSettings = {
				BUNDLE_LOADER = "$(TEST_HOST)";
				FRAMEWORK_SEARCH_PATHS = (
					"$(SDKROOT)/Developer/Library/Frameworks",
					"$(inherited)",
				);
				INFOPLIST_FILE = iLihuxDailyAccumulatesInOCTests/Info.plist;
				LD_RUNPATH_SEARCH_PATHS = "$(inherited) @executable_path/Frameworks @loader_path/Frameworks";
				PRODUCT_BUNDLE_IDENTIFIER = "lihux.$(PRODUCT_NAME:rfc1034identifier)";
				PRODUCT_NAME = "$(TARGET_NAME)";
				TEST_HOST = "$(BUILT_PRODUCTS_DIR)/iLihuxDailyAccumulatesInOC.app/iLihuxDailyAccumulatesInOC";
			};
			name = Release;
		};
/* End XCBuildConfiguration section */

/* Begin XCConfigurationList section */
		6DE9677B1A371D4300436817 /* Build configuration list for PBXProject "iLihuxDailyAccumulatesInOC" */ = {
			isa = XCConfigurationList;
			buildConfigurations = (
				6DE967A11A371D4300436817 /* Debug */,
				6DE967A21A371D4300436817 /* Release */,
			);
			defaultConfigurationIsVisible = 0;
			defaultConfigurationName = Release;
		};
		6DE967A31A371D4300436817 /* Build configuration list for PBXNativeTarget "iLihuxDailyAccumulatesInOC" */ = {
			isa = XCConfigurationList;
			buildConfigurations = (
				6DE967A41A371D4300436817 /* Debug */,
				6DE967A51A371D4300436817 /* Release */,
			);
			defaultConfigurationIsVisible = 0;
			defaultConfigurationName = Release;
		};
		6DE967A61A371D4300436817 /* Build configuration list for PBXNativeTarget "iLihuxDailyAccumulatesInOCTests" */ = {
			isa = XCConfigurationList;
			buildConfigurations = (
				6DE967A71A371D4300436817 /* Debug */,
				6DE967A81A371D4300436817 /* Release */,
			);
			defaultConfigurationIsVisible = 0;
			defaultConfigurationName = Release;
		};
/* End XCConfigurationList section */
	};
	rootObject = 6DE967781A371D4300436817 /* Project object */;
}
